
Terraform used the selected providers to generate the following execution
plan. Resource actions are indicated with the following symbols:
  + create
 <= read (data resources)

Terraform will perform the following actions:

  # aws_s3_object.error_page will be created
  + resource "aws_s3_object" "error_page" {
      + acl                    = (known after apply)
      + arn                    = (known after apply)
      + bucket                 = (known after apply)
      + bucket_key_enabled     = (known after apply)
      + checksum_crc32         = (known after apply)
      + checksum_crc32c        = (known after apply)
      + checksum_crc64nvme     = (known after apply)
      + checksum_sha1          = (known after apply)
      + checksum_sha256        = (known after apply)
      + content                = <<-EOT
            <!DOCTYPE html>
            <html lang="en">
            <head>
                <meta charset="UTF-8">
                <meta name="viewport" content="width=device-width, initial-scale=1.0">
                <title>Page Not Found - aws-devops</title>
                <style>
                    body {
                        font-family: 'Segoe UI', Tahoma, Geneva, Verdana, sans-serif;
                        background: linear-gradient(135deg, #ff6b6b 0%, #ee5a24 100%);
                        min-height: 100vh;
                        display: flex;
                        align-items: center;
                        justify-content: center;
                        color: white;
                        text-align: center;
                    }
                    
                    .container {
                        background: rgba(255, 255, 255, 0.1);
                        padding: 3rem;
                        border-radius: 20px;
                        backdrop-filter: blur(10px);
                    }
                    
                    h1 { font-size: 4rem; margin-bottom: 1rem; }
                    p { font-size: 1.5rem; margin-bottom: 2rem; }
                    a { color: white; text-decoration: none; background: rgba(255,255,255,0.2); padding: 1rem 2rem; border-radius: 10px; }
                </style>
            </head>
            <body>
                <div class="container">
                    <h1>404</h1>
                    <p>Oops! Page not found.</p>
                    <a href="/">← Go Home</a>
                </div>
            </body>
            </html>
        EOT
      + content_type           = "text/html"
      + etag                   = (known after apply)
      + force_destroy          = false
      + id                     = (known after apply)
      + key                    = "error.html"
      + kms_key_id             = (known after apply)
      + server_side_encryption = (known after apply)
      + storage_class          = (known after apply)
      + tags                   = {
          + "Account"     = "313476888312"
          + "Component"   = "error-page"
          + "CostCenter"  = "Development"
          + "Environment" = "dev"
          + "ManagedBy"   = "Terraform"
          + "Owner"       = "DevOps Team"
          + "Project"     = "AWS-DevOps"
          + "Region"      = "us-east-2"
          + "Repository"  = "AWS-DevOps"
          + "Type"        = "static-content"
        }
      + tags_all               = {
          + "Account"     = "313476888312"
          + "Component"   = "error-page"
          + "CostCenter"  = "Development"
          + "Environment" = "dev"
          + "ManagedBy"   = "Terraform"
          + "Owner"       = "DevOps Team"
          + "Project"     = "AWS-DevOps"
          + "Region"      = "us-east-2"
          + "Repository"  = "AWS-DevOps"
          + "Type"        = "static-content"
        }
      + version_id             = (known after apply)
    }

  # aws_s3_object.homepage will be created
  + resource "aws_s3_object" "homepage" {
      + acl                    = (known after apply)
      + arn                    = (known after apply)
      + bucket                 = (known after apply)
      + bucket_key_enabled     = (known after apply)
      + checksum_crc32         = (known after apply)
      + checksum_crc32c        = (known after apply)
      + checksum_crc64nvme     = (known after apply)
      + checksum_sha1          = (known after apply)
      + checksum_sha256        = (known after apply)
      + content                = <<-EOT
            <!DOCTYPE html>
            <html lang="en">
            <head>
                <meta charset="UTF-8">
                <meta name="viewport" content="width=device-width, initial-scale=1.0">
                <title>aws-devops - Welcome</title>
                <style>
                    * {
                        margin: 0;
                        padding: 0;
                        box-sizing: border-box;
                    }
                    
                    body {
                        font-family: 'Segoe UI', Tahoma, Geneva, Verdana, sans-serif;
                        line-height: 1.6;
                        color: #333;
                        background: linear-gradient(135deg, #667eea 0%, #764ba2 100%);
                        min-height: 100vh;
                        display: flex;
                        align-items: center;
                        justify-content: center;
                    }
                    
                    .container {
                        background: rgba(255, 255, 255, 0.95);
                        padding: 3rem;
                        border-radius: 20px;
                        box-shadow: 0 20px 40px rgba(0, 0, 0, 0.1);
                        text-align: center;
                        max-width: 600px;
                        backdrop-filter: blur(10px);
                    }
                    
                    .logo {
                        font-size: 3rem;
                        font-weight: bold;
                        margin-bottom: 1rem;
                        background: linear-gradient(135deg, #667eea, #764ba2);
                        -webkit-background-clip: text;
                        -webkit-text-fill-color: transparent;
                        background-clip: text;
                    }
                    
                    h1 {
                        color: #2c3e50;
                        margin-bottom: 1rem;
                        font-size: 2.5rem;
                    }
                    
                    p {
                        margin-bottom: 1.5rem;
                        font-size: 1.2rem;
                        color: #666;
                    }
                    
                    .status-grid {
                        display: grid;
                        grid-template-columns: repeat(auto-fit, minmax(200px, 1fr));
                        gap: 1rem;
                        margin: 2rem 0;
                    }
                    
                    .status-card {
                        background: #f8f9fa;
                        padding: 1.5rem;
                        border-radius: 10px;
                        border-left: 4px solid #28a745;
                    }
                    
                    .status-card h3 {
                        color: #2c3e50;
                        margin-bottom: 0.5rem;
                    }
                    
                    .status-card p {
                        color: #28a745;
                        font-weight: bold;
                        margin: 0;
                        font-size: 1rem;
                    }
                    
                    .info-section {
                        margin-top: 2rem;
                        padding-top: 2rem;
                        border-top: 1px solid #eee;
                    }
                    
                    .info-grid {
                        display: grid;
                        grid-template-columns: repeat(auto-fit, minmax(150px, 1fr));
                        gap: 1rem;
                        text-align: left;
                        margin-top: 1rem;
                    }
                    
                    .info-item {
                        background: #f8f9fa;
                        padding: 1rem;
                        border-radius: 8px;
                    }
                    
                    .info-item strong {
                        color: #2c3e50;
                        display: block;
                        margin-bottom: 0.25rem;
                    }
                    
                    .info-item span {
                        color: #666;
                        font-size: 0.9rem;
                    }
                    
                    .footer {
                        margin-top: 2rem;
                        color: #999;
                        font-size: 0.9rem;
                    }
                    
                    @media (max-width: 768px) {
                        .container {
                            margin: 1rem;
                            padding: 2rem;
                        }
                        
                        h1 {
                            font-size: 2rem;
                        }
                        
                        .logo {
                            font-size: 2rem;
                        }
                    }
                </style>
            </head>
            <body>
                <div class="container">
                    <div class="logo">🚀</div>
                    <h1>Welcome to aws-devops</h1>
                    <p>Your AWS-powered web application is now live!</p>
                    
                    <div class="status-grid">
                        <div class="status-card">
                            <h3>Infrastructure</h3>
                            <p>✅ Ready</p>
                        </div>
                        <div class="status-card">
                            <h3>Application</h3>
                            <p>✅ Running</p>
                        </div>
                        <div class="status-card">
                            <h3>Security</h3>
                            <p>✅ Enabled</p>
                        </div>
                    </div>
                    
                    <div class="info-section">
                        <h3>Infrastructure Overview</h3>
                        <div class="info-grid">
                            <div class="info-item">
                                <strong>Environment</strong>
                                <span>dev</span>
                            </div>
                            <div class="info-item">
                                <strong>Region</strong>
                                <span>us-east-2</span>
                            </div>
                            <div class="info-item">
                                <strong>Compute</strong>
                                <span>ECS Fargate</span>
                            </div>
                            <div class="info-item">
                                <strong>Storage</strong>
                                <span>S3 + CloudFront</span>
                            </div>
                        </div>
                    </div>
                    
                    <div class="footer">
                        <p>🏗️ Built with Terraform on AWS • Environment: dev • Last Updated: $(date)</p>
                        <p>Ready to start building your application!</p>
                    </div>
                </div>
            </body>
            </html>
        EOT
      + content_type           = "text/html"
      + etag                   = (known after apply)
      + force_destroy          = false
      + id                     = (known after apply)
      + key                    = "index.html"
      + kms_key_id             = (known after apply)
      + server_side_encryption = (known after apply)
      + storage_class          = (known after apply)
      + tags                   = {
          + "Account"     = "313476888312"
          + "Component"   = "homepage"
          + "CostCenter"  = "Development"
          + "Environment" = "dev"
          + "ManagedBy"   = "Terraform"
          + "Owner"       = "DevOps Team"
          + "Project"     = "AWS-DevOps"
          + "Region"      = "us-east-2"
          + "Repository"  = "AWS-DevOps"
          + "Type"        = "static-content"
        }
      + tags_all               = {
          + "Account"     = "313476888312"
          + "Component"   = "homepage"
          + "CostCenter"  = "Development"
          + "Environment" = "dev"
          + "ManagedBy"   = "Terraform"
          + "Owner"       = "DevOps Team"
          + "Project"     = "AWS-DevOps"
          + "Region"      = "us-east-2"
          + "Repository"  = "AWS-DevOps"
          + "Type"        = "static-content"
        }
      + version_id             = (known after apply)
    }

  # random_string.suffix will be created
  + resource "random_string" "suffix" {
      + id          = (known after apply)
      + length      = 8
      + lower       = true
      + min_lower   = 0
      + min_numeric = 0
      + min_special = 0
      + min_upper   = 0
      + number      = true
      + numeric     = true
      + result      = (known after apply)
      + special     = false
      + upper       = false
    }

  # module.s3.aws_kms_alias.s3_key_alias[0] will be created
  + resource "aws_kms_alias" "s3_key_alias" {
      + arn            = (known after apply)
      + id             = (known after apply)
      + name           = "alias/aws-devops-dev-s3-development"
      + name_prefix    = (known after apply)
      + target_key_arn = (known after apply)
      + target_key_id  = (known after apply)
    }

  # module.s3.aws_kms_key.s3_key[0] will be created
  + resource "aws_kms_key" "s3_key" {
      + arn                                = (known after apply)
      + bypass_policy_lockout_safety_check = false
      + customer_master_key_spec           = "SYMMETRIC_DEFAULT"
      + deletion_window_in_days            = 7
      + description                        = "S3 encryption key for aws-devops-dev-development"
      + enable_key_rotation                = true
      + id                                 = (known after apply)
      + is_enabled                         = true
      + key_id                             = (known after apply)
      + key_usage                          = "ENCRYPT_DECRYPT"
      + multi_region                       = (known after apply)
      + policy                             = (known after apply)
      + rotation_period_in_days            = (known after apply)
      + tags                               = {
          + "Account"     = "313476888312"
          + "Component"   = "storage"
          + "CostCenter"  = "Development"
          + "Environment" = "development"
          + "ManagedBy"   = "Terraform"
          + "Module"      = "s3"
          + "Name"        = "aws-devops-dev-s3-key-development"
          + "Owner"       = "DevOps Team"
          + "Project"     = "AWS-DevOps"
          + "Region"      = "us-east-2"
          + "Repository"  = "AWS-DevOps"
          + "Tier"        = "data"
          + "Type"        = "kms_key"
        }
      + tags_all                           = {
          + "Account"     = "313476888312"
          + "Component"   = "storage"
          + "CostCenter"  = "Development"
          + "Environment" = "development"
          + "ManagedBy"   = "Terraform"
          + "Module"      = "s3"
          + "Name"        = "aws-devops-dev-s3-key-development"
          + "Owner"       = "DevOps Team"
          + "Project"     = "AWS-DevOps"
          + "Region"      = "us-east-2"
          + "Repository"  = "AWS-DevOps"
          + "Tier"        = "data"
          + "Type"        = "kms_key"
        }
    }

  # module.s3.aws_s3_bucket.main["application"] will be created
  + resource "aws_s3_bucket" "main" {
      + acceleration_status         = (known after apply)
      + acl                         = (known after apply)
      + arn                         = (known after apply)
      + bucket                      = (known after apply)
      + bucket_domain_name          = (known after apply)
      + bucket_prefix               = (known after apply)
      + bucket_regional_domain_name = (known after apply)
      + force_destroy               = false
      + hosted_zone_id              = (known after apply)
      + id                          = (known after apply)
      + object_lock_enabled         = (known after apply)
      + policy                      = (known after apply)
      + region                      = (known after apply)
      + request_payer               = (known after apply)
      + tags                        = (known after apply)
      + tags_all                    = (known after apply)
      + website_domain              = (known after apply)
      + website_endpoint            = (known after apply)

      + cors_rule (known after apply)

      + grant (known after apply)

      + lifecycle_rule (known after apply)

      + logging (known after apply)

      + object_lock_configuration (known after apply)

      + replication_configuration (known after apply)

      + server_side_encryption_configuration (known after apply)

      + versioning (known after apply)

      + website (known after apply)
    }

  # module.s3.aws_s3_bucket.main["backup"] will be created
  + resource "aws_s3_bucket" "main" {
      + acceleration_status         = (known after apply)
      + acl                         = (known after apply)
      + arn                         = (known after apply)
      + bucket                      = (known after apply)
      + bucket_domain_name          = (known after apply)
      + bucket_prefix               = (known after apply)
      + bucket_regional_domain_name = (known after apply)
      + force_destroy               = false
      + hosted_zone_id              = (known after apply)
      + id                          = (known after apply)
      + object_lock_enabled         = (known after apply)
      + policy                      = (known after apply)
      + region                      = (known after apply)
      + request_payer               = (known after apply)
      + tags                        = (known after apply)
      + tags_all                    = (known after apply)
      + website_domain              = (known after apply)
      + website_endpoint            = (known after apply)

      + cors_rule (known after apply)

      + grant (known after apply)

      + lifecycle_rule (known after apply)

      + logging (known after apply)

      + object_lock_configuration (known after apply)

      + replication_configuration (known after apply)

      + server_side_encryption_configuration (known after apply)

      + versioning (known after apply)

      + website (known after apply)
    }

  # module.s3.aws_s3_bucket.main["compliance"] will be created
  + resource "aws_s3_bucket" "main" {
      + acceleration_status         = (known after apply)
      + acl                         = (known after apply)
      + arn                         = (known after apply)
      + bucket                      = (known after apply)
      + bucket_domain_name          = (known after apply)
      + bucket_prefix               = (known after apply)
      + bucket_regional_domain_name = (known after apply)
      + force_destroy               = false
      + hosted_zone_id              = (known after apply)
      + id                          = (known after apply)
      + object_lock_enabled         = (known after apply)
      + policy                      = (known after apply)
      + region                      = (known after apply)
      + request_payer               = (known after apply)
      + tags                        = (known after apply)
      + tags_all                    = (known after apply)
      + website_domain              = (known after apply)
      + website_endpoint            = (known after apply)

      + cors_rule (known after apply)

      + grant (known after apply)

      + lifecycle_rule (known after apply)

      + logging (known after apply)

      + object_lock_configuration (known after apply)

      + replication_configuration (known after apply)

      + server_side_encryption_configuration (known after apply)

      + versioning (known after apply)

      + website (known after apply)
    }

  # module.s3.aws_s3_bucket.main["logs"] will be created
  + resource "aws_s3_bucket" "main" {
      + acceleration_status         = (known after apply)
      + acl                         = (known after apply)
      + arn                         = (known after apply)
      + bucket                      = (known after apply)
      + bucket_domain_name          = (known after apply)
      + bucket_prefix               = (known after apply)
      + bucket_regional_domain_name = (known after apply)
      + force_destroy               = false
      + hosted_zone_id              = (known after apply)
      + id                          = (known after apply)
      + object_lock_enabled         = (known after apply)
      + policy                      = (known after apply)
      + region                      = (known after apply)
      + request_payer               = (known after apply)
      + tags                        = (known after apply)
      + tags_all                    = (known after apply)
      + website_domain              = (known after apply)
      + website_endpoint            = (known after apply)

      + cors_rule (known after apply)

      + grant (known after apply)

      + lifecycle_rule (known after apply)

      + logging (known after apply)

      + object_lock_configuration (known after apply)

      + replication_configuration (known after apply)

      + server_side_encryption_configuration (known after apply)

      + versioning (known after apply)

      + website (known after apply)
    }

  # module.s3.aws_s3_bucket.main["static-assets"] will be created
  + resource "aws_s3_bucket" "main" {
      + acceleration_status         = (known after apply)
      + acl                         = (known after apply)
      + arn                         = (known after apply)
      + bucket                      = (known after apply)
      + bucket_domain_name          = (known after apply)
      + bucket_prefix               = (known after apply)
      + bucket_regional_domain_name = (known after apply)
      + force_destroy               = false
      + hosted_zone_id              = (known after apply)
      + id                          = (known after apply)
      + object_lock_enabled         = (known after apply)
      + policy                      = (known after apply)
      + region                      = (known after apply)
      + request_payer               = (known after apply)
      + tags                        = (known after apply)
      + tags_all                    = (known after apply)
      + website_domain              = (known after apply)
      + website_endpoint            = (known after apply)

      + cors_rule (known after apply)

      + grant (known after apply)

      + lifecycle_rule (known after apply)

      + logging (known after apply)

      + object_lock_configuration (known after apply)

      + replication_configuration (known after apply)

      + server_side_encryption_configuration (known after apply)

      + versioning (known after apply)

      + website (known after apply)
    }

  # module.s3.aws_s3_bucket_cors_configuration.static_assets[0] will be created
  + resource "aws_s3_bucket_cors_configuration" "static_assets" {
      + bucket = (known after apply)
      + id     = (known after apply)

      + cors_rule {
          + allowed_headers = [
              + "*",
            ]
          + allowed_methods = [
              + "GET",
              + "HEAD",
            ]
          + allowed_origins = [
              + "http://localhost:3000",
              + "http://localhost:8080",
            ]
          + expose_headers  = [
              + "ETag",
            ]
            id              = null
          + max_age_seconds = 3000
        }
    }

  # module.s3.aws_s3_bucket_lifecycle_configuration.main["application"] will be created
  + resource "aws_s3_bucket_lifecycle_configuration" "main" {
      + bucket                                 = (known after apply)
      + expected_bucket_owner                  = (known after apply)
      + id                                     = (known after apply)
      + transition_default_minimum_object_size = "all_storage_classes_128K"

      + rule {
          + id     = "lifecycle-rule"
          + status = "Enabled"
            # (1 unchanged attribute hidden)

          + abort_incomplete_multipart_upload {
              + days_after_initiation = 7
            }

          + filter {
                # (1 unchanged attribute hidden)
            }

          + noncurrent_version_expiration {
              + noncurrent_days = 90
            }

          + transition {
              + days          = 30
              + storage_class = "STANDARD_IA"
            }
          + transition {
              + days          = 365
              + storage_class = "DEEP_ARCHIVE"
            }
          + transition {
              + days          = 90
              + storage_class = "GLACIER"
            }
        }
    }

  # module.s3.aws_s3_bucket_lifecycle_configuration.main["backup"] will be created
  + resource "aws_s3_bucket_lifecycle_configuration" "main" {
      + bucket                                 = (known after apply)
      + expected_bucket_owner                  = (known after apply)
      + id                                     = (known after apply)
      + transition_default_minimum_object_size = "all_storage_classes_128K"

      + rule {
          + id     = "lifecycle-rule"
          + status = "Enabled"
            # (1 unchanged attribute hidden)

          + abort_incomplete_multipart_upload {
              + days_after_initiation = 7
            }

          + filter {
                # (1 unchanged attribute hidden)
            }

          + noncurrent_version_expiration {
              + noncurrent_days = 30
            }

          + transition {
              + days          = 180
              + storage_class = "DEEP_ARCHIVE"
            }
          + transition {
              + days          = 30
              + storage_class = "GLACIER"
            }
        }
    }

  # module.s3.aws_s3_bucket_lifecycle_configuration.main["compliance"] will be created
  + resource "aws_s3_bucket_lifecycle_configuration" "main" {
      + bucket                                 = (known after apply)
      + expected_bucket_owner                  = (known after apply)
      + id                                     = (known after apply)
      + transition_default_minimum_object_size = "all_storage_classes_128K"

      + rule {
          + id     = "lifecycle-rule"
          + status = "Enabled"
            # (1 unchanged attribute hidden)

          + abort_incomplete_multipart_upload {
              + days_after_initiation = 7
            }

          + filter {
                # (1 unchanged attribute hidden)
            }

          + noncurrent_version_expiration {
              + noncurrent_days = 2555
            }

          + transition {
              + days          = 365
              + storage_class = "DEEP_ARCHIVE"
            }
          + transition {
              + days          = 90
              + storage_class = "GLACIER"
            }
        }
    }

  # module.s3.aws_s3_bucket_lifecycle_configuration.main["logs"] will be created
  + resource "aws_s3_bucket_lifecycle_configuration" "main" {
      + bucket                                 = (known after apply)
      + expected_bucket_owner                  = (known after apply)
      + id                                     = (known after apply)
      + transition_default_minimum_object_size = "all_storage_classes_128K"

      + rule {
          + id     = "lifecycle-rule"
          + status = "Enabled"
            # (1 unchanged attribute hidden)

          + abort_incomplete_multipart_upload {
              + days_after_initiation = 7
            }

          + expiration {
              + days                         = 2555
              + expired_object_delete_marker = false
            }

          + filter {
                # (1 unchanged attribute hidden)
            }

          + noncurrent_version_expiration {
              + noncurrent_days = 30
            }

          + transition {
              + days          = 30
              + storage_class = "STANDARD_IA"
            }
          + transition {
              + days          = 90
              + storage_class = "GLACIER"
            }
        }
    }

  # module.s3.aws_s3_bucket_lifecycle_configuration.main["static-assets"] will be created
  + resource "aws_s3_bucket_lifecycle_configuration" "main" {
      + bucket                                 = (known after apply)
      + expected_bucket_owner                  = (known after apply)
      + id                                     = (known after apply)
      + transition_default_minimum_object_size = "all_storage_classes_128K"

      + rule {
          + id     = "lifecycle-rule"
          + status = "Enabled"
            # (1 unchanged attribute hidden)

          + abort_incomplete_multipart_upload {
              + days_after_initiation = 7
            }

          + filter {
                # (1 unchanged attribute hidden)
            }

          + noncurrent_version_expiration {
              + noncurrent_days = 30
            }

          + transition {
              + days          = 90
              + storage_class = "STANDARD_IA"
            }
        }
    }

  # module.s3.aws_s3_bucket_logging.main["application"] will be created
  + resource "aws_s3_bucket_logging" "main" {
      + bucket        = (known after apply)
      + id            = (known after apply)
      + target_bucket = (known after apply)
      + target_prefix = "access-logs/application/"
    }

  # module.s3.aws_s3_bucket_logging.main["backup"] will be created
  + resource "aws_s3_bucket_logging" "main" {
      + bucket        = (known after apply)
      + id            = (known after apply)
      + target_bucket = (known after apply)
      + target_prefix = "access-logs/backup/"
    }

  # module.s3.aws_s3_bucket_logging.main["compliance"] will be created
  + resource "aws_s3_bucket_logging" "main" {
      + bucket        = (known after apply)
      + id            = (known after apply)
      + target_bucket = (known after apply)
      + target_prefix = "access-logs/compliance/"
    }

  # module.s3.aws_s3_bucket_logging.main["static-assets"] will be created
  + resource "aws_s3_bucket_logging" "main" {
      + bucket        = (known after apply)
      + id            = (known after apply)
      + target_bucket = (known after apply)
      + target_prefix = "access-logs/static-assets/"
    }

  # module.s3.aws_s3_bucket_metric.main["application"] will be created
  + resource "aws_s3_bucket_metric" "main" {
      + bucket = (known after apply)
      + id     = (known after apply)
      + name   = "EntireBucket"
    }

  # module.s3.aws_s3_bucket_metric.main["backup"] will be created
  + resource "aws_s3_bucket_metric" "main" {
      + bucket = (known after apply)
      + id     = (known after apply)
      + name   = "EntireBucket"
    }

  # module.s3.aws_s3_bucket_metric.main["compliance"] will be created
  + resource "aws_s3_bucket_metric" "main" {
      + bucket = (known after apply)
      + id     = (known after apply)
      + name   = "EntireBucket"
    }

  # module.s3.aws_s3_bucket_metric.main["logs"] will be created
  + resource "aws_s3_bucket_metric" "main" {
      + bucket = (known after apply)
      + id     = (known after apply)
      + name   = "EntireBucket"
    }

  # module.s3.aws_s3_bucket_metric.main["static-assets"] will be created
  + resource "aws_s3_bucket_metric" "main" {
      + bucket = (known after apply)
      + id     = (known after apply)
      + name   = "EntireBucket"
    }

  # module.s3.aws_s3_bucket_policy.main["application"] will be created
  + resource "aws_s3_bucket_policy" "main" {
      + bucket = (known after apply)
      + id     = (known after apply)
      + policy = (known after apply)
    }

  # module.s3.aws_s3_bucket_policy.main["backup"] will be created
  + resource "aws_s3_bucket_policy" "main" {
      + bucket = (known after apply)
      + id     = (known after apply)
      + policy = (known after apply)
    }

  # module.s3.aws_s3_bucket_policy.main["compliance"] will be created
  + resource "aws_s3_bucket_policy" "main" {
      + bucket = (known after apply)
      + id     = (known after apply)
      + policy = (known after apply)
    }

  # module.s3.aws_s3_bucket_policy.main["logs"] will be created
  + resource "aws_s3_bucket_policy" "main" {
      + bucket = (known after apply)
      + id     = (known after apply)
      + policy = (known after apply)
    }

  # module.s3.aws_s3_bucket_policy.main["static-assets"] will be created
  + resource "aws_s3_bucket_policy" "main" {
      + bucket = (known after apply)
      + id     = (known after apply)
      + policy = (known after apply)
    }

  # module.s3.aws_s3_bucket_public_access_block.main["application"] will be created
  + resource "aws_s3_bucket_public_access_block" "main" {
      + block_public_acls       = true
      + block_public_policy     = true
      + bucket                  = (known after apply)
      + id                      = (known after apply)
      + ignore_public_acls      = true
      + restrict_public_buckets = true
    }

  # module.s3.aws_s3_bucket_public_access_block.main["backup"] will be created
  + resource "aws_s3_bucket_public_access_block" "main" {
      + block_public_acls       = true
      + block_public_policy     = true
      + bucket                  = (known after apply)
      + id                      = (known after apply)
      + ignore_public_acls      = true
      + restrict_public_buckets = true
    }

  # module.s3.aws_s3_bucket_public_access_block.main["compliance"] will be created
  + resource "aws_s3_bucket_public_access_block" "main" {
      + block_public_acls       = true
      + block_public_policy     = true
      + bucket                  = (known after apply)
      + id                      = (known after apply)
      + ignore_public_acls      = true
      + restrict_public_buckets = true
    }

  # module.s3.aws_s3_bucket_public_access_block.main["logs"] will be created
  + resource "aws_s3_bucket_public_access_block" "main" {
      + block_public_acls       = true
      + block_public_policy     = true
      + bucket                  = (known after apply)
      + id                      = (known after apply)
      + ignore_public_acls      = true
      + restrict_public_buckets = true
    }

  # module.s3.aws_s3_bucket_public_access_block.main["static-assets"] will be created
  + resource "aws_s3_bucket_public_access_block" "main" {
      + block_public_acls       = true
      + block_public_policy     = true
      + bucket                  = (known after apply)
      + id                      = (known after apply)
      + ignore_public_acls      = true
      + restrict_public_buckets = true
    }

  # module.s3.aws_s3_bucket_server_side_encryption_configuration.main["application"] will be created
  + resource "aws_s3_bucket_server_side_encryption_configuration" "main" {
      + bucket = (known after apply)
      + id     = (known after apply)

      + rule {
          + bucket_key_enabled = true

          + apply_server_side_encryption_by_default {
              + kms_master_key_id = (known after apply)
              + sse_algorithm     = "aws:kms"
            }
        }
    }

  # module.s3.aws_s3_bucket_server_side_encryption_configuration.main["backup"] will be created
  + resource "aws_s3_bucket_server_side_encryption_configuration" "main" {
      + bucket = (known after apply)
      + id     = (known after apply)

      + rule {
          + bucket_key_enabled = true

          + apply_server_side_encryption_by_default {
              + kms_master_key_id = (known after apply)
              + sse_algorithm     = "aws:kms"
            }
        }
    }

  # module.s3.aws_s3_bucket_server_side_encryption_configuration.main["compliance"] will be created
  + resource "aws_s3_bucket_server_side_encryption_configuration" "main" {
      + bucket = (known after apply)
      + id     = (known after apply)

      + rule {
          + bucket_key_enabled = true

          + apply_server_side_encryption_by_default {
              + kms_master_key_id = (known after apply)
              + sse_algorithm     = "aws:kms"
            }
        }
    }

  # module.s3.aws_s3_bucket_server_side_encryption_configuration.main["logs"] will be created
  + resource "aws_s3_bucket_server_side_encryption_configuration" "main" {
      + bucket = (known after apply)
      + id     = (known after apply)

      + rule {
          + bucket_key_enabled = true

          + apply_server_side_encryption_by_default {
              + kms_master_key_id = (known after apply)
              + sse_algorithm     = "aws:kms"
            }
        }
    }

  # module.s3.aws_s3_bucket_server_side_encryption_configuration.main["static-assets"] will be created
  + resource "aws_s3_bucket_server_side_encryption_configuration" "main" {
      + bucket = (known after apply)
      + id     = (known after apply)

      + rule {
          + bucket_key_enabled = true

          + apply_server_side_encryption_by_default {
              + kms_master_key_id = (known after apply)
              + sse_algorithm     = "aws:kms"
            }
        }
    }

  # module.s3.aws_s3_bucket_versioning.main["application"] will be created
  + resource "aws_s3_bucket_versioning" "main" {
      + bucket = (known after apply)
      + id     = (known after apply)

      + versioning_configuration {
          + mfa_delete = "Disabled"
          + status     = "Enabled"
        }
    }

  # module.s3.aws_s3_bucket_versioning.main["backup"] will be created
  + resource "aws_s3_bucket_versioning" "main" {
      + bucket = (known after apply)
      + id     = (known after apply)

      + versioning_configuration {
          + mfa_delete = "Disabled"
          + status     = "Enabled"
        }
    }

  # module.s3.aws_s3_bucket_versioning.main["compliance"] will be created
  + resource "aws_s3_bucket_versioning" "main" {
      + bucket = (known after apply)
      + id     = (known after apply)

      + versioning_configuration {
          + mfa_delete = "Disabled"
          + status     = "Enabled"
        }
    }

  # module.s3.aws_s3_bucket_versioning.main["logs"] will be created
  + resource "aws_s3_bucket_versioning" "main" {
      + bucket = (known after apply)
      + id     = (known after apply)

      + versioning_configuration {
          + mfa_delete = "Disabled"
          + status     = "Enabled"
        }
    }

  # module.s3.aws_s3_bucket_versioning.main["static-assets"] will be created
  + resource "aws_s3_bucket_versioning" "main" {
      + bucket = (known after apply)
      + id     = (known after apply)

      + versioning_configuration {
          + mfa_delete = "Disabled"
          + status     = "Enabled"
        }
    }

  # module.s3.random_string.bucket_suffix will be created
  + resource "random_string" "bucket_suffix" {
      + id          = (known after apply)
      + length      = 8
      + lower       = true
      + min_lower   = 0
      + min_numeric = 0
      + min_special = 0
      + min_upper   = 0
      + number      = true
      + numeric     = true
      + result      = (known after apply)
      + special     = false
      + upper       = false
    }

  # module.ssl_certificate[0].data.aws_region.current will be read during apply
  # (depends on a resource or a module with changes pending)
 <= data "aws_region" "current" {
      + description = (known after apply)
      + endpoint    = (known after apply)
      + id          = (known after apply)
      + name        = (known after apply)
    }

  # module.ssl_certificate[0].aws_acm_certificate.main will be created
  + resource "aws_acm_certificate" "main" {
      + arn                       = (known after apply)
      + domain_name               = "dev.diatonic.ai"
      + domain_validation_options = [
          + {
              + domain_name           = "*.diatonic.ai"
              + resource_record_name  = (known after apply)
              + resource_record_type  = (known after apply)
              + resource_record_value = (known after apply)
            },
          + {
              + domain_name           = "admin.dev.diatonic.ai"
              + resource_record_name  = (known after apply)
              + resource_record_type  = (known after apply)
              + resource_record_value = (known after apply)
            },
          + {
              + domain_name           = "api.dev.diatonic.ai"
              + resource_record_name  = (known after apply)
              + resource_record_type  = (known after apply)
              + resource_record_value = (known after apply)
            },
          + {
              + domain_name           = "app.dev.diatonic.ai"
              + resource_record_name  = (known after apply)
              + resource_record_type  = (known after apply)
              + resource_record_value = (known after apply)
            },
          + {
              + domain_name           = "dev.diatonic.ai"
              + resource_record_name  = (known after apply)
              + resource_record_type  = (known after apply)
              + resource_record_value = (known after apply)
            },
          + {
              + domain_name           = "www.dev.diatonic.ai"
              + resource_record_name  = (known after apply)
              + resource_record_type  = (known after apply)
              + resource_record_value = (known after apply)
            },
        ]
      + id                        = (known after apply)
      + key_algorithm             = "RSA_2048"
      + not_after                 = (known after apply)
      + not_before                = (known after apply)
      + pending_renewal           = (known after apply)
      + renewal_eligibility       = (known after apply)
      + renewal_summary           = (known after apply)
      + status                    = (known after apply)
      + subject_alternative_names = [
          + "*.diatonic.ai",
          + "admin.dev.diatonic.ai",
          + "api.dev.diatonic.ai",
          + "app.dev.diatonic.ai",
          + "dev.diatonic.ai",
          + "www.dev.diatonic.ai",
        ]
      + tags                      = {
          + "Account"     = "313476888312"
          + "Component"   = "ssl-certificate"
          + "CostCenter"  = "Development"
          + "Domain"      = "dev.diatonic.ai"
          + "Environment" = "development"
          + "ManagedBy"   = "Terraform"
          + "Module"      = "acm"
          + "Name"        = "aws-devops-dev-ssl-certificate"
          + "Owner"       = "DevOps Team"
          + "Project"     = "AWS-DevOps"
          + "Region"      = "us-east-2"
          + "Repository"  = "AWS-DevOps"
          + "Tier"        = "security"
          + "Type"        = "ssl_certificate"
        }
      + tags_all                  = {
          + "Account"     = "313476888312"
          + "Component"   = "ssl-certificate"
          + "CostCenter"  = "Development"
          + "Domain"      = "dev.diatonic.ai"
          + "Environment" = "development"
          + "ManagedBy"   = "Terraform"
          + "Module"      = "acm"
          + "Name"        = "aws-devops-dev-ssl-certificate"
          + "Owner"       = "DevOps Team"
          + "Project"     = "AWS-DevOps"
          + "Region"      = "us-east-2"
          + "Repository"  = "AWS-DevOps"
          + "Tier"        = "security"
          + "Type"        = "ssl_certificate"
        }
      + type                      = (known after apply)
      + validation_emails         = (known after apply)
      + validation_method         = "DNS"

      + options {
          + certificate_transparency_logging_preference = "ENABLED"
        }
    }

  # module.ssl_certificate[0].aws_cloudwatch_event_rule.certificate_renewal[0] will be created
  + resource "aws_cloudwatch_event_rule" "certificate_renewal" {
      + arn            = (known after apply)
      + description    = "Monitor SSL certificate renewal events"
      + event_bus_name = "default"
      + event_pattern  = jsonencode(
            {
              + detail      = {
                  + DaysToExpiry = [
                      + {
                          + numeric = [
                              + "<=",
                              + 30,
                            ]
                        },
                    ]
                }
              + detail-type = [
                  + "ACM Certificate Approaching Expiration",
                ]
              + source      = [
                  + "aws.acm",
                ]
            }
        )
      + force_destroy  = false
      + id             = (known after apply)
      + name           = "aws-devops-dev-ssl-certificate-renewal"
      + name_prefix    = (known after apply)
      + tags           = {
          + "Account"     = "313476888312"
          + "Component"   = "ssl-certificate"
          + "CostCenter"  = "Development"
          + "Environment" = "development"
          + "ManagedBy"   = "Terraform"
          + "Module"      = "acm"
          + "Name"        = "aws-devops-dev-ssl-renewal-rule"
          + "Owner"       = "DevOps Team"
          + "Project"     = "AWS-DevOps"
          + "Region"      = "us-east-2"
          + "Repository"  = "AWS-DevOps"
          + "Tier"        = "security"
          + "Type"        = "cloudwatch_event_rule"
        }
      + tags_all       = {
          + "Account"     = "313476888312"
          + "Component"   = "ssl-certificate"
          + "CostCenter"  = "Development"
          + "Environment" = "development"
          + "ManagedBy"   = "Terraform"
          + "Module"      = "acm"
          + "Name"        = "aws-devops-dev-ssl-renewal-rule"
          + "Owner"       = "DevOps Team"
          + "Project"     = "AWS-DevOps"
          + "Region"      = "us-east-2"
          + "Repository"  = "AWS-DevOps"
          + "Tier"        = "security"
          + "Type"        = "cloudwatch_event_rule"
        }
    }

  # module.ssl_certificate[0].aws_cloudwatch_metric_alarm.certificate_expiry[0] will be created
  + resource "aws_cloudwatch_metric_alarm" "certificate_expiry" {
      + actions_enabled                       = true
      + alarm_description                     = "SSL certificate expires in less than 30 days"
      + alarm_name                            = "aws-devops-dev-ssl-certificate-expiry"
      + arn                                   = (known after apply)
      + comparison_operator                   = "LessThanThreshold"
      + dimensions                            = (known after apply)
      + evaluate_low_sample_count_percentiles = (known after apply)
      + evaluation_periods                    = 1
      + id                                    = (known after apply)
      + metric_name                           = "DaysToExpiry"
      + namespace                             = "AWS/CertificateManager"
      + period                                = 86400
      + statistic                             = "Minimum"
      + tags                                  = {
          + "Account"     = "313476888312"
          + "Component"   = "ssl-certificate"
          + "CostCenter"  = "Development"
          + "Environment" = "development"
          + "ManagedBy"   = "Terraform"
          + "Module"      = "acm"
          + "Name"        = "aws-devops-dev-ssl-expiry-alarm"
          + "Owner"       = "DevOps Team"
          + "Project"     = "AWS-DevOps"
          + "Region"      = "us-east-2"
          + "Repository"  = "AWS-DevOps"
          + "Tier"        = "security"
          + "Type"        = "cloudwatch_alarm"
        }
      + tags_all                              = {
          + "Account"     = "313476888312"
          + "Component"   = "ssl-certificate"
          + "CostCenter"  = "Development"
          + "Environment" = "development"
          + "ManagedBy"   = "Terraform"
          + "Module"      = "acm"
          + "Name"        = "aws-devops-dev-ssl-expiry-alarm"
          + "Owner"       = "DevOps Team"
          + "Project"     = "AWS-DevOps"
          + "Region"      = "us-east-2"
          + "Repository"  = "AWS-DevOps"
          + "Tier"        = "security"
          + "Type"        = "cloudwatch_alarm"
        }
      + threshold                             = 30
      + treat_missing_data                    = "breaching"
    }

  # module.vpc.aws_db_subnet_group.main will be created
  + resource "aws_db_subnet_group" "main" {
      + arn                     = (known after apply)
      + description             = "Managed by Terraform"
      + id                      = (known after apply)
      + name                    = "aws-devops-dev-db-subnet-group"
      + name_prefix             = (known after apply)
      + subnet_ids              = (known after apply)
      + supported_network_types = (known after apply)
      + tags                    = {
          + "Component"   = "networking"
          + "CostCenter"  = "Development"
          + "Environment" = "dev"
          + "ManagedBy"   = "Terraform"
          + "Name"        = "aws-devops-dev-db-subnet-group"
          + "Owner"       = "DevOps Team"
          + "Project"     = "AWS-DevOps"
          + "Repository"  = "AWS-DevOps"
          + "Tier"        = "data"
          + "Type"        = "db_subnet_group"
        }
      + tags_all                = {
          + "Component"   = "networking"
          + "CostCenter"  = "Development"
          + "Environment" = "dev"
          + "ManagedBy"   = "Terraform"
          + "Name"        = "aws-devops-dev-db-subnet-group"
          + "Owner"       = "DevOps Team"
          + "Project"     = "AWS-DevOps"
          + "Region"      = "us-east-2"
          + "Repository"  = "AWS-DevOps"
          + "Tier"        = "data"
          + "Type"        = "db_subnet_group"
        }
      + vpc_id                  = (known after apply)
    }

  # module.vpc.aws_default_security_group.default will be created
  + resource "aws_default_security_group" "default" {
      + arn                    = (known after apply)
      + description            = (known after apply)
      + egress                 = []
      + id                     = (known after apply)
      + ingress                = []
      + name                   = (known after apply)
      + name_prefix            = (known after apply)
      + owner_id               = (known after apply)
      + revoke_rules_on_delete = false
      + tags                   = {
          + "Component"   = "networking"
          + "CostCenter"  = "Development"
          + "Environment" = "dev"
          + "ManagedBy"   = "Terraform"
          + "Name"        = "aws-devops-dev-default-sg"
          + "Owner"       = "DevOps Team"
          + "Project"     = "AWS-DevOps"
          + "Repository"  = "AWS-DevOps"
          + "Tier"        = "infrastructure"
          + "Type"        = "security_group"
        }
      + tags_all               = {
          + "Component"   = "networking"
          + "CostCenter"  = "Development"
          + "Environment" = "dev"
          + "ManagedBy"   = "Terraform"
          + "Name"        = "aws-devops-dev-default-sg"
          + "Owner"       = "DevOps Team"
          + "Project"     = "AWS-DevOps"
          + "Region"      = "us-east-2"
          + "Repository"  = "AWS-DevOps"
          + "Tier"        = "infrastructure"
          + "Type"        = "security_group"
        }
      + vpc_id                 = (known after apply)
    }

  # module.vpc.aws_eip.nat[0] will be created
  + resource "aws_eip" "nat" {
      + allocation_id        = (known after apply)
      + arn                  = (known after apply)
      + association_id       = (known after apply)
      + carrier_ip           = (known after apply)
      + customer_owned_ip    = (known after apply)
      + domain               = "vpc"
      + id                   = (known after apply)
      + instance             = (known after apply)
      + ipam_pool_id         = (known after apply)
      + network_border_group = (known after apply)
      + network_interface    = (known after apply)
      + private_dns          = (known after apply)
      + private_ip           = (known after apply)
      + ptr_record           = (known after apply)
      + public_dns           = (known after apply)
      + public_ip            = (known after apply)
      + public_ipv4_pool     = (known after apply)
      + tags                 = {
          + "Component"   = "networking"
          + "CostCenter"  = "Development"
          + "Environment" = "dev"
          + "ManagedBy"   = "Terraform"
          + "Name"        = "aws-devops-dev-nat-eip-1"
          + "Owner"       = "DevOps Team"
          + "Project"     = "AWS-DevOps"
          + "Repository"  = "AWS-DevOps"
          + "Tier"        = "infrastructure"
          + "Type"        = "elastic_ip"
        }
      + tags_all             = {
          + "Component"   = "networking"
          + "CostCenter"  = "Development"
          + "Environment" = "dev"
          + "ManagedBy"   = "Terraform"
          + "Name"        = "aws-devops-dev-nat-eip-1"
          + "Owner"       = "DevOps Team"
          + "Project"     = "AWS-DevOps"
          + "Region"      = "us-east-2"
          + "Repository"  = "AWS-DevOps"
          + "Tier"        = "infrastructure"
          + "Type"        = "elastic_ip"
        }
      + vpc                  = (known after apply)
    }

  # module.vpc.aws_elasticache_subnet_group.main will be created
  + resource "aws_elasticache_subnet_group" "main" {
      + arn         = (known after apply)
      + description = "Managed by Terraform"
      + id          = (known after apply)
      + name        = "aws-devops-dev-cache-subnet-group"
      + subnet_ids  = (known after apply)
      + tags        = {
          + "Component"   = "networking"
          + "CostCenter"  = "Development"
          + "Environment" = "dev"
          + "ManagedBy"   = "Terraform"
          + "Name"        = "aws-devops-dev-cache-subnet-group"
          + "Owner"       = "DevOps Team"
          + "Project"     = "AWS-DevOps"
          + "Repository"  = "AWS-DevOps"
          + "Tier"        = "data"
          + "Type"        = "elasticache_subnet_group"
        }
      + tags_all    = {
          + "Component"   = "networking"
          + "CostCenter"  = "Development"
          + "Environment" = "dev"
          + "ManagedBy"   = "Terraform"
          + "Name"        = "aws-devops-dev-cache-subnet-group"
          + "Owner"       = "DevOps Team"
          + "Project"     = "AWS-DevOps"
          + "Region"      = "us-east-2"
          + "Repository"  = "AWS-DevOps"
          + "Tier"        = "data"
          + "Type"        = "elasticache_subnet_group"
        }
      + vpc_id      = (known after apply)
    }

  # module.vpc.aws_internet_gateway.main will be created
  + resource "aws_internet_gateway" "main" {
      + arn      = (known after apply)
      + id       = (known after apply)
      + owner_id = (known after apply)
      + tags     = {
          + "Component"   = "networking"
          + "CostCenter"  = "Development"
          + "Environment" = "dev"
          + "ManagedBy"   = "Terraform"
          + "Name"        = "aws-devops-dev-igw"
          + "Owner"       = "DevOps Team"
          + "Project"     = "AWS-DevOps"
          + "Repository"  = "AWS-DevOps"
          + "Tier"        = "infrastructure"
          + "Type"        = "internet_gateway"
        }
      + tags_all = {
          + "Component"   = "networking"
          + "CostCenter"  = "Development"
          + "Environment" = "dev"
          + "ManagedBy"   = "Terraform"
          + "Name"        = "aws-devops-dev-igw"
          + "Owner"       = "DevOps Team"
          + "Project"     = "AWS-DevOps"
          + "Region"      = "us-east-2"
          + "Repository"  = "AWS-DevOps"
          + "Tier"        = "infrastructure"
          + "Type"        = "internet_gateway"
        }
      + vpc_id   = (known after apply)
    }

  # module.vpc.aws_nat_gateway.main[0] will be created
  + resource "aws_nat_gateway" "main" {
      + allocation_id                      = (known after apply)
      + association_id                     = (known after apply)
      + connectivity_type                  = "public"
      + id                                 = (known after apply)
      + network_interface_id               = (known after apply)
      + private_ip                         = (known after apply)
      + public_ip                          = (known after apply)
      + secondary_private_ip_address_count = (known after apply)
      + secondary_private_ip_addresses     = (known after apply)
      + subnet_id                          = (known after apply)
      + tags                               = {
          + "AZ"          = "us-east-2a"
          + "Component"   = "networking"
          + "CostCenter"  = "Development"
          + "Environment" = "dev"
          + "ManagedBy"   = "Terraform"
          + "Name"        = "aws-devops-dev-nat-gateway-1"
          + "Owner"       = "DevOps Team"
          + "Project"     = "AWS-DevOps"
          + "Repository"  = "AWS-DevOps"
          + "Tier"        = "infrastructure"
          + "Type"        = "nat_gateway"
        }
      + tags_all                           = {
          + "AZ"          = "us-east-2a"
          + "Component"   = "networking"
          + "CostCenter"  = "Development"
          + "Environment" = "dev"
          + "ManagedBy"   = "Terraform"
          + "Name"        = "aws-devops-dev-nat-gateway-1"
          + "Owner"       = "DevOps Team"
          + "Project"     = "AWS-DevOps"
          + "Region"      = "us-east-2"
          + "Repository"  = "AWS-DevOps"
          + "Tier"        = "infrastructure"
          + "Type"        = "nat_gateway"
        }
    }

  # module.vpc.aws_route_table.data will be created
  + resource "aws_route_table" "data" {
      + arn              = (known after apply)
      + id               = (known after apply)
      + owner_id         = (known after apply)
      + propagating_vgws = (known after apply)
      + route            = (known after apply)
      + tags             = {
          + "Component"   = "networking"
          + "CostCenter"  = "Development"
          + "Environment" = "dev"
          + "ManagedBy"   = "Terraform"
          + "Name"        = "aws-devops-dev-data-rt"
          + "Owner"       = "DevOps Team"
          + "Project"     = "AWS-DevOps"
          + "Repository"  = "AWS-DevOps"
          + "Tier"        = "data"
          + "Type"        = "route_table"
        }
      + tags_all         = {
          + "Component"   = "networking"
          + "CostCenter"  = "Development"
          + "Environment" = "dev"
          + "ManagedBy"   = "Terraform"
          + "Name"        = "aws-devops-dev-data-rt"
          + "Owner"       = "DevOps Team"
          + "Project"     = "AWS-DevOps"
          + "Region"      = "us-east-2"
          + "Repository"  = "AWS-DevOps"
          + "Tier"        = "data"
          + "Type"        = "route_table"
        }
      + vpc_id           = (known after apply)
    }

  # module.vpc.aws_route_table.private[0] will be created
  + resource "aws_route_table" "private" {
      + arn              = (known after apply)
      + id               = (known after apply)
      + owner_id         = (known after apply)
      + propagating_vgws = (known after apply)
      + route            = [
          + {
              + cidr_block                 = "0.0.0.0/0"
              + nat_gateway_id             = (known after apply)
                # (11 unchanged attributes hidden)
            },
        ]
      + tags             = {
          + "AZ"          = "us-east-2a"
          + "Component"   = "networking"
          + "CostCenter"  = "Development"
          + "Environment" = "dev"
          + "ManagedBy"   = "Terraform"
          + "Name"        = "aws-devops-dev-private-rt-1"
          + "Owner"       = "DevOps Team"
          + "Project"     = "AWS-DevOps"
          + "Repository"  = "AWS-DevOps"
          + "Tier"        = "application"
          + "Type"        = "route_table"
        }
      + tags_all         = {
          + "AZ"          = "us-east-2a"
          + "Component"   = "networking"
          + "CostCenter"  = "Development"
          + "Environment" = "dev"
          + "ManagedBy"   = "Terraform"
          + "Name"        = "aws-devops-dev-private-rt-1"
          + "Owner"       = "DevOps Team"
          + "Project"     = "AWS-DevOps"
          + "Region"      = "us-east-2"
          + "Repository"  = "AWS-DevOps"
          + "Tier"        = "application"
          + "Type"        = "route_table"
        }
      + vpc_id           = (known after apply)
    }

  # module.vpc.aws_route_table.public will be created
  + resource "aws_route_table" "public" {
      + arn              = (known after apply)
      + id               = (known after apply)
      + owner_id         = (known after apply)
      + propagating_vgws = (known after apply)
      + route            = [
          + {
              + cidr_block                 = "0.0.0.0/0"
              + gateway_id                 = (known after apply)
                # (11 unchanged attributes hidden)
            },
        ]
      + tags             = {
          + "Component"   = "networking"
          + "CostCenter"  = "Development"
          + "Environment" = "dev"
          + "ManagedBy"   = "Terraform"
          + "Name"        = "aws-devops-dev-public-rt"
          + "Owner"       = "DevOps Team"
          + "Project"     = "AWS-DevOps"
          + "Repository"  = "AWS-DevOps"
          + "Tier"        = "public"
          + "Type"        = "route_table"
        }
      + tags_all         = {
          + "Component"   = "networking"
          + "CostCenter"  = "Development"
          + "Environment" = "dev"
          + "ManagedBy"   = "Terraform"
          + "Name"        = "aws-devops-dev-public-rt"
          + "Owner"       = "DevOps Team"
          + "Project"     = "AWS-DevOps"
          + "Region"      = "us-east-2"
          + "Repository"  = "AWS-DevOps"
          + "Tier"        = "public"
          + "Type"        = "route_table"
        }
      + vpc_id           = (known after apply)
    }

  # module.vpc.aws_route_table_association.data[0] will be created
  + resource "aws_route_table_association" "data" {
      + id             = (known after apply)
      + route_table_id = (known after apply)
      + subnet_id      = (known after apply)
    }

  # module.vpc.aws_route_table_association.data[1] will be created
  + resource "aws_route_table_association" "data" {
      + id             = (known after apply)
      + route_table_id = (known after apply)
      + subnet_id      = (known after apply)
    }

  # module.vpc.aws_route_table_association.data[2] will be created
  + resource "aws_route_table_association" "data" {
      + id             = (known after apply)
      + route_table_id = (known after apply)
      + subnet_id      = (known after apply)
    }

  # module.vpc.aws_route_table_association.private[0] will be created
  + resource "aws_route_table_association" "private" {
      + id             = (known after apply)
      + route_table_id = (known after apply)
      + subnet_id      = (known after apply)
    }

  # module.vpc.aws_route_table_association.private[1] will be created
  + resource "aws_route_table_association" "private" {
      + id             = (known after apply)
      + route_table_id = (known after apply)
      + subnet_id      = (known after apply)
    }

  # module.vpc.aws_route_table_association.private[2] will be created
  + resource "aws_route_table_association" "private" {
      + id             = (known after apply)
      + route_table_id = (known after apply)
      + subnet_id      = (known after apply)
    }

  # module.vpc.aws_route_table_association.public[0] will be created
  + resource "aws_route_table_association" "public" {
      + id             = (known after apply)
      + route_table_id = (known after apply)
      + subnet_id      = (known after apply)
    }

  # module.vpc.aws_route_table_association.public[1] will be created
  + resource "aws_route_table_association" "public" {
      + id             = (known after apply)
      + route_table_id = (known after apply)
      + subnet_id      = (known after apply)
    }

  # module.vpc.aws_route_table_association.public[2] will be created
  + resource "aws_route_table_association" "public" {
      + id             = (known after apply)
      + route_table_id = (known after apply)
      + subnet_id      = (known after apply)
    }

  # module.vpc.aws_subnet.data[0] will be created
  + resource "aws_subnet" "data" {
      + arn                                            = (known after apply)
      + assign_ipv6_address_on_creation                = false
      + availability_zone                              = "us-east-2a"
      + availability_zone_id                           = (known after apply)
      + cidr_block                                     = "10.1.20.0/24"
      + enable_dns64                                   = false
      + enable_resource_name_dns_a_record_on_launch    = false
      + enable_resource_name_dns_aaaa_record_on_launch = false
      + id                                             = (known after apply)
      + ipv6_cidr_block_association_id                 = (known after apply)
      + ipv6_native                                    = false
      + map_public_ip_on_launch                        = false
      + owner_id                                       = (known after apply)
      + private_dns_hostname_type_on_launch            = (known after apply)
      + tags                                           = {
          + "AZ"          = "us-east-2a"
          + "Component"   = "networking"
          + "CostCenter"  = "Development"
          + "Environment" = "dev"
          + "ManagedBy"   = "Terraform"
          + "Name"        = "aws-devops-dev-data-subnet-1"
          + "Owner"       = "DevOps Team"
          + "Project"     = "AWS-DevOps"
          + "Repository"  = "AWS-DevOps"
          + "Tier"        = "data"
          + "Type"        = "private"
        }
      + tags_all                                       = {
          + "AZ"          = "us-east-2a"
          + "Component"   = "networking"
          + "CostCenter"  = "Development"
          + "Environment" = "dev"
          + "ManagedBy"   = "Terraform"
          + "Name"        = "aws-devops-dev-data-subnet-1"
          + "Owner"       = "DevOps Team"
          + "Project"     = "AWS-DevOps"
          + "Region"      = "us-east-2"
          + "Repository"  = "AWS-DevOps"
          + "Tier"        = "data"
          + "Type"        = "private"
        }
      + vpc_id                                         = (known after apply)
    }

  # module.vpc.aws_subnet.data[1] will be created
  + resource "aws_subnet" "data" {
      + arn                                            = (known after apply)
      + assign_ipv6_address_on_creation                = false
      + availability_zone                              = "us-east-2b"
      + availability_zone_id                           = (known after apply)
      + cidr_block                                     = "10.1.21.0/24"
      + enable_dns64                                   = false
      + enable_resource_name_dns_a_record_on_launch    = false
      + enable_resource_name_dns_aaaa_record_on_launch = false
      + id                                             = (known after apply)
      + ipv6_cidr_block_association_id                 = (known after apply)
      + ipv6_native                                    = false
      + map_public_ip_on_launch                        = false
      + owner_id                                       = (known after apply)
      + private_dns_hostname_type_on_launch            = (known after apply)
      + tags                                           = {
          + "AZ"          = "us-east-2b"
          + "Component"   = "networking"
          + "CostCenter"  = "Development"
          + "Environment" = "dev"
          + "ManagedBy"   = "Terraform"
          + "Name"        = "aws-devops-dev-data-subnet-2"
          + "Owner"       = "DevOps Team"
          + "Project"     = "AWS-DevOps"
          + "Repository"  = "AWS-DevOps"
          + "Tier"        = "data"
          + "Type"        = "private"
        }
      + tags_all                                       = {
          + "AZ"          = "us-east-2b"
          + "Component"   = "networking"
          + "CostCenter"  = "Development"
          + "Environment" = "dev"
          + "ManagedBy"   = "Terraform"
          + "Name"        = "aws-devops-dev-data-subnet-2"
          + "Owner"       = "DevOps Team"
          + "Project"     = "AWS-DevOps"
          + "Region"      = "us-east-2"
          + "Repository"  = "AWS-DevOps"
          + "Tier"        = "data"
          + "Type"        = "private"
        }
      + vpc_id                                         = (known after apply)
    }

  # module.vpc.aws_subnet.data[2] will be created
  + resource "aws_subnet" "data" {
      + arn                                            = (known after apply)
      + assign_ipv6_address_on_creation                = false
      + availability_zone                              = "us-east-2c"
      + availability_zone_id                           = (known after apply)
      + cidr_block                                     = "10.1.22.0/24"
      + enable_dns64                                   = false
      + enable_resource_name_dns_a_record_on_launch    = false
      + enable_resource_name_dns_aaaa_record_on_launch = false
      + id                                             = (known after apply)
      + ipv6_cidr_block_association_id                 = (known after apply)
      + ipv6_native                                    = false
      + map_public_ip_on_launch                        = false
      + owner_id                                       = (known after apply)
      + private_dns_hostname_type_on_launch            = (known after apply)
      + tags                                           = {
          + "AZ"          = "us-east-2c"
          + "Component"   = "networking"
          + "CostCenter"  = "Development"
          + "Environment" = "dev"
          + "ManagedBy"   = "Terraform"
          + "Name"        = "aws-devops-dev-data-subnet-3"
          + "Owner"       = "DevOps Team"
          + "Project"     = "AWS-DevOps"
          + "Repository"  = "AWS-DevOps"
          + "Tier"        = "data"
          + "Type"        = "private"
        }
      + tags_all                                       = {
          + "AZ"          = "us-east-2c"
          + "Component"   = "networking"
          + "CostCenter"  = "Development"
          + "Environment" = "dev"
          + "ManagedBy"   = "Terraform"
          + "Name"        = "aws-devops-dev-data-subnet-3"
          + "Owner"       = "DevOps Team"
          + "Project"     = "AWS-DevOps"
          + "Region"      = "us-east-2"
          + "Repository"  = "AWS-DevOps"
          + "Tier"        = "data"
          + "Type"        = "private"
        }
      + vpc_id                                         = (known after apply)
    }

  # module.vpc.aws_subnet.private[0] will be created
  + resource "aws_subnet" "private" {
      + arn                                            = (known after apply)
      + assign_ipv6_address_on_creation                = false
      + availability_zone                              = "us-east-2a"
      + availability_zone_id                           = (known after apply)
      + cidr_block                                     = "10.1.10.0/24"
      + enable_dns64                                   = false
      + enable_resource_name_dns_a_record_on_launch    = false
      + enable_resource_name_dns_aaaa_record_on_launch = false
      + id                                             = (known after apply)
      + ipv6_cidr_block_association_id                 = (known after apply)
      + ipv6_native                                    = false
      + map_public_ip_on_launch                        = false
      + owner_id                                       = (known after apply)
      + private_dns_hostname_type_on_launch            = (known after apply)
      + tags                                           = {
          + "AZ"          = "us-east-2a"
          + "Component"   = "networking"
          + "CostCenter"  = "Development"
          + "Environment" = "dev"
          + "ManagedBy"   = "Terraform"
          + "Name"        = "aws-devops-dev-private-subnet-1"
          + "Owner"       = "DevOps Team"
          + "Project"     = "AWS-DevOps"
          + "Repository"  = "AWS-DevOps"
          + "Tier"        = "application"
          + "Type"        = "private"
        }
      + tags_all                                       = {
          + "AZ"          = "us-east-2a"
          + "Component"   = "networking"
          + "CostCenter"  = "Development"
          + "Environment" = "dev"
          + "ManagedBy"   = "Terraform"
          + "Name"        = "aws-devops-dev-private-subnet-1"
          + "Owner"       = "DevOps Team"
          + "Project"     = "AWS-DevOps"
          + "Region"      = "us-east-2"
          + "Repository"  = "AWS-DevOps"
          + "Tier"        = "application"
          + "Type"        = "private"
        }
      + vpc_id                                         = (known after apply)
    }

  # module.vpc.aws_subnet.private[1] will be created
  + resource "aws_subnet" "private" {
      + arn                                            = (known after apply)
      + assign_ipv6_address_on_creation                = false
      + availability_zone                              = "us-east-2b"
      + availability_zone_id                           = (known after apply)
      + cidr_block                                     = "10.1.11.0/24"
      + enable_dns64                                   = false
      + enable_resource_name_dns_a_record_on_launch    = false
      + enable_resource_name_dns_aaaa_record_on_launch = false
      + id                                             = (known after apply)
      + ipv6_cidr_block_association_id                 = (known after apply)
      + ipv6_native                                    = false
      + map_public_ip_on_launch                        = false
      + owner_id                                       = (known after apply)
      + private_dns_hostname_type_on_launch            = (known after apply)
      + tags                                           = {
          + "AZ"          = "us-east-2b"
          + "Component"   = "networking"
          + "CostCenter"  = "Development"
          + "Environment" = "dev"
          + "ManagedBy"   = "Terraform"
          + "Name"        = "aws-devops-dev-private-subnet-2"
          + "Owner"       = "DevOps Team"
          + "Project"     = "AWS-DevOps"
          + "Repository"  = "AWS-DevOps"
          + "Tier"        = "application"
          + "Type"        = "private"
        }
      + tags_all                                       = {
          + "AZ"          = "us-east-2b"
          + "Component"   = "networking"
          + "CostCenter"  = "Development"
          + "Environment" = "dev"
          + "ManagedBy"   = "Terraform"
          + "Name"        = "aws-devops-dev-private-subnet-2"
          + "Owner"       = "DevOps Team"
          + "Project"     = "AWS-DevOps"
          + "Region"      = "us-east-2"
          + "Repository"  = "AWS-DevOps"
          + "Tier"        = "application"
          + "Type"        = "private"
        }
      + vpc_id                                         = (known after apply)
    }

  # module.vpc.aws_subnet.private[2] will be created
  + resource "aws_subnet" "private" {
      + arn                                            = (known after apply)
      + assign_ipv6_address_on_creation                = false
      + availability_zone                              = "us-east-2c"
      + availability_zone_id                           = (known after apply)
      + cidr_block                                     = "10.1.12.0/24"
      + enable_dns64                                   = false
      + enable_resource_name_dns_a_record_on_launch    = false
      + enable_resource_name_dns_aaaa_record_on_launch = false
      + id                                             = (known after apply)
      + ipv6_cidr_block_association_id                 = (known after apply)
      + ipv6_native                                    = false
      + map_public_ip_on_launch                        = false
      + owner_id                                       = (known after apply)
      + private_dns_hostname_type_on_launch            = (known after apply)
      + tags                                           = {
          + "AZ"          = "us-east-2c"
          + "Component"   = "networking"
          + "CostCenter"  = "Development"
          + "Environment" = "dev"
          + "ManagedBy"   = "Terraform"
          + "Name"        = "aws-devops-dev-private-subnet-3"
          + "Owner"       = "DevOps Team"
          + "Project"     = "AWS-DevOps"
          + "Repository"  = "AWS-DevOps"
          + "Tier"        = "application"
          + "Type"        = "private"
        }
      + tags_all                                       = {
          + "AZ"          = "us-east-2c"
          + "Component"   = "networking"
          + "CostCenter"  = "Development"
          + "Environment" = "dev"
          + "ManagedBy"   = "Terraform"
          + "Name"        = "aws-devops-dev-private-subnet-3"
          + "Owner"       = "DevOps Team"
          + "Project"     = "AWS-DevOps"
          + "Region"      = "us-east-2"
          + "Repository"  = "AWS-DevOps"
          + "Tier"        = "application"
          + "Type"        = "private"
        }
      + vpc_id                                         = (known after apply)
    }

  # module.vpc.aws_subnet.public[0] will be created
  + resource "aws_subnet" "public" {
      + arn                                            = (known after apply)
      + assign_ipv6_address_on_creation                = false
      + availability_zone                              = "us-east-2a"
      + availability_zone_id                           = (known after apply)
      + cidr_block                                     = "10.1.1.0/24"
      + enable_dns64                                   = false
      + enable_resource_name_dns_a_record_on_launch    = false
      + enable_resource_name_dns_aaaa_record_on_launch = false
      + id                                             = (known after apply)
      + ipv6_cidr_block_association_id                 = (known after apply)
      + ipv6_native                                    = false
      + map_public_ip_on_launch                        = true
      + owner_id                                       = (known after apply)
      + private_dns_hostname_type_on_launch            = (known after apply)
      + tags                                           = {
          + "AZ"          = "us-east-2a"
          + "Component"   = "networking"
          + "CostCenter"  = "Development"
          + "Environment" = "dev"
          + "ManagedBy"   = "Terraform"
          + "Name"        = "aws-devops-dev-public-subnet-1"
          + "Owner"       = "DevOps Team"
          + "Project"     = "AWS-DevOps"
          + "Repository"  = "AWS-DevOps"
          + "Tier"        = "public"
          + "Type"        = "public"
        }
      + tags_all                                       = {
          + "AZ"          = "us-east-2a"
          + "Component"   = "networking"
          + "CostCenter"  = "Development"
          + "Environment" = "dev"
          + "ManagedBy"   = "Terraform"
          + "Name"        = "aws-devops-dev-public-subnet-1"
          + "Owner"       = "DevOps Team"
          + "Project"     = "AWS-DevOps"
          + "Region"      = "us-east-2"
          + "Repository"  = "AWS-DevOps"
          + "Tier"        = "public"
          + "Type"        = "public"
        }
      + vpc_id                                         = (known after apply)
    }

  # module.vpc.aws_subnet.public[1] will be created
  + resource "aws_subnet" "public" {
      + arn                                            = (known after apply)
      + assign_ipv6_address_on_creation                = false
      + availability_zone                              = "us-east-2b"
      + availability_zone_id                           = (known after apply)
      + cidr_block                                     = "10.1.2.0/24"
      + enable_dns64                                   = false
      + enable_resource_name_dns_a_record_on_launch    = false
      + enable_resource_name_dns_aaaa_record_on_launch = false
      + id                                             = (known after apply)
      + ipv6_cidr_block_association_id                 = (known after apply)
      + ipv6_native                                    = false
      + map_public_ip_on_launch                        = true
      + owner_id                                       = (known after apply)
      + private_dns_hostname_type_on_launch            = (known after apply)
      + tags                                           = {
          + "AZ"          = "us-east-2b"
          + "Component"   = "networking"
          + "CostCenter"  = "Development"
          + "Environment" = "dev"
          + "ManagedBy"   = "Terraform"
          + "Name"        = "aws-devops-dev-public-subnet-2"
          + "Owner"       = "DevOps Team"
          + "Project"     = "AWS-DevOps"
          + "Repository"  = "AWS-DevOps"
          + "Tier"        = "public"
          + "Type"        = "public"
        }
      + tags_all                                       = {
          + "AZ"          = "us-east-2b"
          + "Component"   = "networking"
          + "CostCenter"  = "Development"
          + "Environment" = "dev"
          + "ManagedBy"   = "Terraform"
          + "Name"        = "aws-devops-dev-public-subnet-2"
          + "Owner"       = "DevOps Team"
          + "Project"     = "AWS-DevOps"
          + "Region"      = "us-east-2"
          + "Repository"  = "AWS-DevOps"
          + "Tier"        = "public"
          + "Type"        = "public"
        }
      + vpc_id                                         = (known after apply)
    }

  # module.vpc.aws_subnet.public[2] will be created
  + resource "aws_subnet" "public" {
      + arn                                            = (known after apply)
      + assign_ipv6_address_on_creation                = false
      + availability_zone                              = "us-east-2c"
      + availability_zone_id                           = (known after apply)
      + cidr_block                                     = "10.1.3.0/24"
      + enable_dns64                                   = false
      + enable_resource_name_dns_a_record_on_launch    = false
      + enable_resource_name_dns_aaaa_record_on_launch = false
      + id                                             = (known after apply)
      + ipv6_cidr_block_association_id                 = (known after apply)
      + ipv6_native                                    = false
      + map_public_ip_on_launch                        = true
      + owner_id                                       = (known after apply)
      + private_dns_hostname_type_on_launch            = (known after apply)
      + tags                                           = {
          + "AZ"          = "us-east-2c"
          + "Component"   = "networking"
          + "CostCenter"  = "Development"
          + "Environment" = "dev"
          + "ManagedBy"   = "Terraform"
          + "Name"        = "aws-devops-dev-public-subnet-3"
          + "Owner"       = "DevOps Team"
          + "Project"     = "AWS-DevOps"
          + "Repository"  = "AWS-DevOps"
          + "Tier"        = "public"
          + "Type"        = "public"
        }
      + tags_all                                       = {
          + "AZ"          = "us-east-2c"
          + "Component"   = "networking"
          + "CostCenter"  = "Development"
          + "Environment" = "dev"
          + "ManagedBy"   = "Terraform"
          + "Name"        = "aws-devops-dev-public-subnet-3"
          + "Owner"       = "DevOps Team"
          + "Project"     = "AWS-DevOps"
          + "Region"      = "us-east-2"
          + "Repository"  = "AWS-DevOps"
          + "Tier"        = "public"
          + "Type"        = "public"
        }
      + vpc_id                                         = (known after apply)
    }

  # module.vpc.aws_vpc.main will be created
  + resource "aws_vpc" "main" {
      + arn                                  = (known after apply)
      + cidr_block                           = "10.1.0.0/16"
      + default_network_acl_id               = (known after apply)
      + default_route_table_id               = (known after apply)
      + default_security_group_id            = (known after apply)
      + dhcp_options_id                      = (known after apply)
      + enable_dns_hostnames                 = true
      + enable_dns_support                   = true
      + enable_network_address_usage_metrics = (known after apply)
      + id                                   = (known after apply)
      + instance_tenancy                     = "default"
      + ipv6_association_id                  = (known after apply)
      + ipv6_cidr_block                      = (known after apply)
      + ipv6_cidr_block_network_border_group = (known after apply)
      + main_route_table_id                  = (known after apply)
      + owner_id                             = (known after apply)
      + tags                                 = {
          + "Component"   = "networking"
          + "CostCenter"  = "Development"
          + "Environment" = "dev"
          + "ManagedBy"   = "Terraform"
          + "Name"        = "aws-devops-dev-vpc"
          + "Owner"       = "DevOps Team"
          + "Project"     = "AWS-DevOps"
          + "Repository"  = "AWS-DevOps"
          + "Tier"        = "infrastructure"
          + "Type"        = "vpc"
        }
      + tags_all                             = {
          + "Component"   = "networking"
          + "CostCenter"  = "Development"
          + "Environment" = "dev"
          + "ManagedBy"   = "Terraform"
          + "Name"        = "aws-devops-dev-vpc"
          + "Owner"       = "DevOps Team"
          + "Project"     = "AWS-DevOps"
          + "Region"      = "us-east-2"
          + "Repository"  = "AWS-DevOps"
          + "Tier"        = "infrastructure"
          + "Type"        = "vpc"
        }
    }

  # module.vpc.aws_vpc_endpoint.dynamodb[0] will be created
  + resource "aws_vpc_endpoint" "dynamodb" {
      + arn                   = (known after apply)
      + cidr_blocks           = (known after apply)
      + dns_entry             = (known after apply)
      + id                    = (known after apply)
      + ip_address_type       = (known after apply)
      + network_interface_ids = (known after apply)
      + owner_id              = (known after apply)
      + policy                = (known after apply)
      + prefix_list_id        = (known after apply)
      + private_dns_enabled   = (known after apply)
      + requester_managed     = (known after apply)
      + route_table_ids       = (known after apply)
      + security_group_ids    = (known after apply)
      + service_name          = "com.amazonaws.us-east-2.dynamodb"
      + service_region        = (known after apply)
      + state                 = (known after apply)
      + subnet_ids            = (known after apply)
      + tags                  = {
          + "Component"   = "networking"
          + "CostCenter"  = "Development"
          + "Environment" = "dev"
          + "ManagedBy"   = "Terraform"
          + "Name"        = "aws-devops-dev-dynamodb-endpoint"
          + "Owner"       = "DevOps Team"
          + "Project"     = "AWS-DevOps"
          + "Repository"  = "AWS-DevOps"
          + "Tier"        = "infrastructure"
          + "Type"        = "vpc_endpoint"
        }
      + tags_all              = {
          + "Component"   = "networking"
          + "CostCenter"  = "Development"
          + "Environment" = "dev"
          + "ManagedBy"   = "Terraform"
          + "Name"        = "aws-devops-dev-dynamodb-endpoint"
          + "Owner"       = "DevOps Team"
          + "Project"     = "AWS-DevOps"
          + "Region"      = "us-east-2"
          + "Repository"  = "AWS-DevOps"
          + "Tier"        = "infrastructure"
          + "Type"        = "vpc_endpoint"
        }
      + vpc_endpoint_type     = "Gateway"
      + vpc_id                = (known after apply)

      + dns_options (known after apply)

      + subnet_configuration (known after apply)
    }

  # module.vpc.aws_vpc_endpoint.s3[0] will be created
  + resource "aws_vpc_endpoint" "s3" {
      + arn                   = (known after apply)
      + cidr_blocks           = (known after apply)
      + dns_entry             = (known after apply)
      + id                    = (known after apply)
      + ip_address_type       = (known after apply)
      + network_interface_ids = (known after apply)
      + owner_id              = (known after apply)
      + policy                = (known after apply)
      + prefix_list_id        = (known after apply)
      + private_dns_enabled   = (known after apply)
      + requester_managed     = (known after apply)
      + route_table_ids       = (known after apply)
      + security_group_ids    = (known after apply)
      + service_name          = "com.amazonaws.us-east-2.s3"
      + service_region        = (known after apply)
      + state                 = (known after apply)
      + subnet_ids            = (known after apply)
      + tags                  = {
          + "Component"   = "networking"
          + "CostCenter"  = "Development"
          + "Environment" = "dev"
          + "ManagedBy"   = "Terraform"
          + "Name"        = "aws-devops-dev-s3-endpoint"
          + "Owner"       = "DevOps Team"
          + "Project"     = "AWS-DevOps"
          + "Repository"  = "AWS-DevOps"
          + "Tier"        = "infrastructure"
          + "Type"        = "vpc_endpoint"
        }
      + tags_all              = {
          + "Component"   = "networking"
          + "CostCenter"  = "Development"
          + "Environment" = "dev"
          + "ManagedBy"   = "Terraform"
          + "Name"        = "aws-devops-dev-s3-endpoint"
          + "Owner"       = "DevOps Team"
          + "Project"     = "AWS-DevOps"
          + "Region"      = "us-east-2"
          + "Repository"  = "AWS-DevOps"
          + "Tier"        = "infrastructure"
          + "Type"        = "vpc_endpoint"
        }
      + vpc_endpoint_type     = "Gateway"
      + vpc_id                = (known after apply)

      + dns_options (known after apply)

      + subnet_configuration (known after apply)
    }

  # module.web_application.aws_appautoscaling_policy.ecs_policy_up[0] will be created
  + resource "aws_appautoscaling_policy" "ecs_policy_up" {
      + alarm_arns         = (known after apply)
      + arn                = (known after apply)
      + id                 = (known after apply)
      + name               = "aws-devops-dev-scale-up"
      + policy_type        = "TargetTrackingScaling"
      + resource_id        = "service/aws-devops-dev-cluster/aws-devops-dev-service"
      + scalable_dimension = "ecs:service:DesiredCount"
      + service_namespace  = "ecs"

      + target_tracking_scaling_policy_configuration {
          + disable_scale_in   = false
          + scale_in_cooldown  = 300
          + scale_out_cooldown = 300
          + target_value       = 70

          + predefined_metric_specification {
              + predefined_metric_type = "ECSServiceAverageCPUUtilization"
            }
        }
    }

  # module.web_application.aws_appautoscaling_target.ecs_target[0] will be created
  + resource "aws_appautoscaling_target" "ecs_target" {
      + arn                = (known after apply)
      + id                 = (known after apply)
      + max_capacity       = 2
      + min_capacity       = 1
      + resource_id        = "service/aws-devops-dev-cluster/aws-devops-dev-service"
      + role_arn           = (known after apply)
      + scalable_dimension = "ecs:service:DesiredCount"
      + service_namespace  = "ecs"
      + tags               = {
          + "Account"     = "313476888312"
          + "Component"   = "web-application"
          + "CostCenter"  = "Development"
          + "Environment" = "development"
          + "ManagedBy"   = "Terraform"
          + "Module"      = "ecs"
          + "Name"        = "aws-devops-dev-autoscaling-target"
          + "Owner"       = "DevOps Team"
          + "Project"     = "AWS-DevOps"
          + "Region"      = "us-east-2"
          + "Repository"  = "AWS-DevOps"
          + "Tier"        = "application"
          + "Type"        = "autoscaling_target"
        }
      + tags_all           = {
          + "Account"     = "313476888312"
          + "Component"   = "web-application"
          + "CostCenter"  = "Development"
          + "Environment" = "development"
          + "ManagedBy"   = "Terraform"
          + "Module"      = "ecs"
          + "Name"        = "aws-devops-dev-autoscaling-target"
          + "Owner"       = "DevOps Team"
          + "Project"     = "AWS-DevOps"
          + "Region"      = "us-east-2"
          + "Repository"  = "AWS-DevOps"
          + "Tier"        = "application"
          + "Type"        = "autoscaling_target"
        }

      + suspended_state (known after apply)
    }

  # module.web_application.aws_cloudwatch_log_group.main[0] will be created
  + resource "aws_cloudwatch_log_group" "main" {
      + arn               = (known after apply)
      + id                = (known after apply)
      + log_group_class   = (known after apply)
      + name              = "/ecs/aws-devops-dev"
      + name_prefix       = (known after apply)
      + retention_in_days = 7
      + skip_destroy      = false
      + tags              = {
          + "Account"     = "313476888312"
          + "Component"   = "web-application"
          + "CostCenter"  = "Development"
          + "Environment" = "development"
          + "ManagedBy"   = "Terraform"
          + "Module"      = "ecs"
          + "Name"        = "aws-devops-dev-log-group"
          + "Owner"       = "DevOps Team"
          + "Project"     = "AWS-DevOps"
          + "Region"      = "us-east-2"
          + "Repository"  = "AWS-DevOps"
          + "Tier"        = "application"
          + "Type"        = "log_group"
        }
      + tags_all          = {
          + "Account"     = "313476888312"
          + "Component"   = "web-application"
          + "CostCenter"  = "Development"
          + "Environment" = "development"
          + "ManagedBy"   = "Terraform"
          + "Module"      = "ecs"
          + "Name"        = "aws-devops-dev-log-group"
          + "Owner"       = "DevOps Team"
          + "Project"     = "AWS-DevOps"
          + "Region"      = "us-east-2"
          + "Repository"  = "AWS-DevOps"
          + "Tier"        = "application"
          + "Type"        = "log_group"
        }
    }

  # module.web_application.aws_ecs_cluster.main will be created
  + resource "aws_ecs_cluster" "main" {
      + arn      = (known after apply)
      + id       = (known after apply)
      + name     = "aws-devops-dev-cluster"
      + tags     = {
          + "Account"     = "313476888312"
          + "Component"   = "web-application"
          + "CostCenter"  = "Development"
          + "Environment" = "development"
          + "ManagedBy"   = "Terraform"
          + "Module"      = "ecs"
          + "Name"        = "aws-devops-dev-cluster"
          + "Owner"       = "DevOps Team"
          + "Project"     = "AWS-DevOps"
          + "Region"      = "us-east-2"
          + "Repository"  = "AWS-DevOps"
          + "Tier"        = "application"
          + "Type"        = "ecs_cluster"
        }
      + tags_all = {
          + "Account"     = "313476888312"
          + "Component"   = "web-application"
          + "CostCenter"  = "Development"
          + "Environment" = "development"
          + "ManagedBy"   = "Terraform"
          + "Module"      = "ecs"
          + "Name"        = "aws-devops-dev-cluster"
          + "Owner"       = "DevOps Team"
          + "Project"     = "AWS-DevOps"
          + "Region"      = "us-east-2"
          + "Repository"  = "AWS-DevOps"
          + "Tier"        = "application"
          + "Type"        = "ecs_cluster"
        }

      + configuration {
          + execute_command_configuration {
              + logging = "OVERRIDE"

              + log_configuration {
                  + cloud_watch_encryption_enabled = false
                  + cloud_watch_log_group_name     = "/ecs/aws-devops-dev"
                }
            }
        }

      + setting (known after apply)
    }

  # module.web_application.aws_ecs_cluster_capacity_providers.main will be created
  + resource "aws_ecs_cluster_capacity_providers" "main" {
      + capacity_providers = [
          + "FARGATE",
          + "FARGATE_SPOT",
        ]
      + cluster_name       = "aws-devops-dev-cluster"
      + id                 = (known after apply)

      + default_capacity_provider_strategy {
          + base              = 1
          + capacity_provider = "FARGATE_SPOT"
          + weight            = 100
        }
    }

  # module.web_application.aws_ecs_service.main will be created
  + resource "aws_ecs_service" "main" {
      + availability_zone_rebalancing      = "DISABLED"
      + cluster                            = (known after apply)
      + deployment_maximum_percent         = 200
      + deployment_minimum_healthy_percent = 100
      + desired_count                      = 1
      + enable_ecs_managed_tags            = false
      + enable_execute_command             = false
      + iam_role                           = (known after apply)
      + id                                 = (known after apply)
      + launch_type                        = "FARGATE"
      + name                               = "aws-devops-dev-service"
      + platform_version                   = (known after apply)
      + scheduling_strategy                = "REPLICA"
      + tags                               = {
          + "Account"     = "313476888312"
          + "Component"   = "web-application"
          + "CostCenter"  = "Development"
          + "Environment" = "development"
          + "ManagedBy"   = "Terraform"
          + "Module"      = "ecs"
          + "Name"        = "aws-devops-dev-service"
          + "Owner"       = "DevOps Team"
          + "Project"     = "AWS-DevOps"
          + "Region"      = "us-east-2"
          + "Repository"  = "AWS-DevOps"
          + "Tier"        = "application"
          + "Type"        = "ecs_service"
        }
      + tags_all                           = {
          + "Account"     = "313476888312"
          + "Component"   = "web-application"
          + "CostCenter"  = "Development"
          + "Environment" = "development"
          + "ManagedBy"   = "Terraform"
          + "Module"      = "ecs"
          + "Name"        = "aws-devops-dev-service"
          + "Owner"       = "DevOps Team"
          + "Project"     = "AWS-DevOps"
          + "Region"      = "us-east-2"
          + "Repository"  = "AWS-DevOps"
          + "Tier"        = "application"
          + "Type"        = "ecs_service"
        }
      + task_definition                    = (known after apply)
      + triggers                           = (known after apply)
      + wait_for_steady_state              = false

      + load_balancer {
          + container_name   = "aws-devops-dev-container"
          + container_port   = 80
          + target_group_arn = (known after apply)
            # (1 unchanged attribute hidden)
        }

      + network_configuration {
          + assign_public_ip = false
          + security_groups  = (known after apply)
          + subnets          = (known after apply)
        }
    }

  # module.web_application.aws_ecs_task_definition.main will be created
  + resource "aws_ecs_task_definition" "main" {
      + arn                      = (known after apply)
      + arn_without_revision     = (known after apply)
      + container_definitions    = jsonencode(
            [
              + {
                  + environment      = [
                      + {
                          + name  = "AWS_DEFAULT_REGION"
                          + value = "us-east-2"
                        },
                      + {
                          + name  = "DOMAIN_NAME"
                          + value = "dev.diatonic.ai"
                        },
                      + {
                          + name  = "ENVIRONMENT"
                          + value = "dev"
                        },
                      + {
                          + name  = "ENVIRONMENT"
                          + value = "development"
                        },
                      + {
                          + name  = "NGINX_PORT"
                          + value = "80"
                        },
                      + {
                          + name  = "PROJECT_NAME"
                          + value = "aws-devops"
                        },
                    ]
                  + essential        = true
                  + healthCheck      = {
                      + command     = [
                          + "CMD-SHELL",
                          + "curl -f http://localhost:80/ || exit 1",
                        ]
                      + interval    = 30
                      + retries     = 3
                      + startPeriod = 60
                      + timeout     = 5
                    }
                  + image            = "nginx:alpine"
                  + logConfiguration = {
                      + logDriver = "awslogs"
                      + options   = {
                          + awslogs-group         = "/ecs/aws-devops-dev"
                          + awslogs-region        = "us-east-2"
                          + awslogs-stream-prefix = "ecs"
                        }
                    }
                  + name             = "aws-devops-dev-container"
                  + portMappings     = [
                      + {
                          + containerPort = 80
                          + hostPort      = 80
                          + protocol      = "tcp"
                        },
                    ]
                  + secrets          = []
                },
            ]
        )
      + cpu                      = "256"
      + enable_fault_injection   = (known after apply)
      + execution_role_arn       = (known after apply)
      + family                   = "aws-devops-dev-task"
      + id                       = (known after apply)
      + memory                   = "512"
      + network_mode             = "awsvpc"
      + requires_compatibilities = [
          + "FARGATE",
        ]
      + revision                 = (known after apply)
      + skip_destroy             = false
      + tags                     = {
          + "Account"     = "313476888312"
          + "Component"   = "web-application"
          + "CostCenter"  = "Development"
          + "Environment" = "development"
          + "ManagedBy"   = "Terraform"
          + "Module"      = "ecs"
          + "Name"        = "aws-devops-dev-task-definition"
          + "Owner"       = "DevOps Team"
          + "Project"     = "AWS-DevOps"
          + "Region"      = "us-east-2"
          + "Repository"  = "AWS-DevOps"
          + "Tier"        = "application"
          + "Type"        = "task_definition"
        }
      + tags_all                 = {
          + "Account"     = "313476888312"
          + "Component"   = "web-application"
          + "CostCenter"  = "Development"
          + "Environment" = "development"
          + "ManagedBy"   = "Terraform"
          + "Module"      = "ecs"
          + "Name"        = "aws-devops-dev-task-definition"
          + "Owner"       = "DevOps Team"
          + "Project"     = "AWS-DevOps"
          + "Region"      = "us-east-2"
          + "Repository"  = "AWS-DevOps"
          + "Tier"        = "application"
          + "Type"        = "task_definition"
        }
      + task_role_arn            = (known after apply)
      + track_latest             = false
    }

  # module.web_application.aws_iam_role.ecs_execution_role will be created
  + resource "aws_iam_role" "ecs_execution_role" {
      + arn                   = (known after apply)
      + assume_role_policy    = jsonencode(
            {
              + Statement = [
                  + {
                      + Action    = "sts:AssumeRole"
                      + Effect    = "Allow"
                      + Principal = {
                          + Service = "ecs-tasks.amazonaws.com"
                        }
                    },
                ]
              + Version   = "2012-10-17"
            }
        )
      + create_date           = (known after apply)
      + force_detach_policies = false
      + id                    = (known after apply)
      + managed_policy_arns   = (known after apply)
      + max_session_duration  = 3600
      + name                  = "aws-devops-dev-ecs-execution-role"
      + name_prefix           = (known after apply)
      + path                  = "/"
      + tags                  = {
          + "Account"     = "313476888312"
          + "Component"   = "web-application"
          + "CostCenter"  = "Development"
          + "Environment" = "development"
          + "ManagedBy"   = "Terraform"
          + "Module"      = "ecs"
          + "Name"        = "aws-devops-dev-ecs-execution-role"
          + "Owner"       = "DevOps Team"
          + "Project"     = "AWS-DevOps"
          + "Region"      = "us-east-2"
          + "Repository"  = "AWS-DevOps"
          + "Tier"        = "application"
          + "Type"        = "iam_role"
        }
      + tags_all              = {
          + "Account"     = "313476888312"
          + "Component"   = "web-application"
          + "CostCenter"  = "Development"
          + "Environment" = "development"
          + "ManagedBy"   = "Terraform"
          + "Module"      = "ecs"
          + "Name"        = "aws-devops-dev-ecs-execution-role"
          + "Owner"       = "DevOps Team"
          + "Project"     = "AWS-DevOps"
          + "Region"      = "us-east-2"
          + "Repository"  = "AWS-DevOps"
          + "Tier"        = "application"
          + "Type"        = "iam_role"
        }
      + unique_id             = (known after apply)

      + inline_policy (known after apply)
    }

  # module.web_application.aws_iam_role.ecs_task_role will be created
  + resource "aws_iam_role" "ecs_task_role" {
      + arn                   = (known after apply)
      + assume_role_policy    = jsonencode(
            {
              + Statement = [
                  + {
                      + Action    = "sts:AssumeRole"
                      + Effect    = "Allow"
                      + Principal = {
                          + Service = "ecs-tasks.amazonaws.com"
                        }
                    },
                ]
              + Version   = "2012-10-17"
            }
        )
      + create_date           = (known after apply)
      + force_detach_policies = false
      + id                    = (known after apply)
      + managed_policy_arns   = (known after apply)
      + max_session_duration  = 3600
      + name                  = "aws-devops-dev-ecs-task-role"
      + name_prefix           = (known after apply)
      + path                  = "/"
      + tags                  = {
          + "Account"     = "313476888312"
          + "Component"   = "web-application"
          + "CostCenter"  = "Development"
          + "Environment" = "development"
          + "ManagedBy"   = "Terraform"
          + "Module"      = "ecs"
          + "Name"        = "aws-devops-dev-ecs-task-role"
          + "Owner"       = "DevOps Team"
          + "Project"     = "AWS-DevOps"
          + "Region"      = "us-east-2"
          + "Repository"  = "AWS-DevOps"
          + "Tier"        = "application"
          + "Type"        = "iam_role"
        }
      + tags_all              = {
          + "Account"     = "313476888312"
          + "Component"   = "web-application"
          + "CostCenter"  = "Development"
          + "Environment" = "development"
          + "ManagedBy"   = "Terraform"
          + "Module"      = "ecs"
          + "Name"        = "aws-devops-dev-ecs-task-role"
          + "Owner"       = "DevOps Team"
          + "Project"     = "AWS-DevOps"
          + "Region"      = "us-east-2"
          + "Repository"  = "AWS-DevOps"
          + "Tier"        = "application"
          + "Type"        = "iam_role"
        }
      + unique_id             = (known after apply)

      + inline_policy (known after apply)
    }

  # module.web_application.aws_iam_role_policy_attachment.ecs_execution_role_policy will be created
  + resource "aws_iam_role_policy_attachment" "ecs_execution_role_policy" {
      + id         = (known after apply)
      + policy_arn = "arn:aws:iam::aws:policy/service-role/AmazonECSTaskExecutionRolePolicy"
      + role       = "aws-devops-dev-ecs-execution-role"
    }

  # module.web_application.aws_lb.main will be created
  + resource "aws_lb" "main" {
      + arn                                                          = (known after apply)
      + arn_suffix                                                   = (known after apply)
      + client_keep_alive                                            = 3600
      + desync_mitigation_mode                                       = "defensive"
      + dns_name                                                     = (known after apply)
      + drop_invalid_header_fields                                   = false
      + enable_deletion_protection                                   = false
      + enable_http2                                                 = true
      + enable_tls_version_and_cipher_suite_headers                  = false
      + enable_waf_fail_open                                         = false
      + enable_xff_client_port                                       = false
      + enable_zonal_shift                                           = false
      + enforce_security_group_inbound_rules_on_private_link_traffic = (known after apply)
      + id                                                           = (known after apply)
      + idle_timeout                                                 = 60
      + internal                                                     = false
      + ip_address_type                                              = (known after apply)
      + load_balancer_type                                           = "application"
      + name                                                         = "aws-devops-dev-alb"
      + name_prefix                                                  = (known after apply)
      + preserve_host_header                                         = false
      + security_groups                                              = (known after apply)
      + subnets                                                      = (known after apply)
      + tags                                                         = {
          + "Account"     = "313476888312"
          + "Component"   = "web-application"
          + "CostCenter"  = "Development"
          + "Environment" = "development"
          + "ManagedBy"   = "Terraform"
          + "Module"      = "ecs"
          + "Name"        = "aws-devops-dev-alb"
          + "Owner"       = "DevOps Team"
          + "Project"     = "AWS-DevOps"
          + "Region"      = "us-east-2"
          + "Repository"  = "AWS-DevOps"
          + "Tier"        = "application"
          + "Type"        = "load_balancer"
        }
      + tags_all                                                     = {
          + "Account"     = "313476888312"
          + "Component"   = "web-application"
          + "CostCenter"  = "Development"
          + "Environment" = "development"
          + "ManagedBy"   = "Terraform"
          + "Module"      = "ecs"
          + "Name"        = "aws-devops-dev-alb"
          + "Owner"       = "DevOps Team"
          + "Project"     = "AWS-DevOps"
          + "Region"      = "us-east-2"
          + "Repository"  = "AWS-DevOps"
          + "Tier"        = "application"
          + "Type"        = "load_balancer"
        }
      + vpc_id                                                       = (known after apply)
      + xff_header_processing_mode                                   = "append"
      + zone_id                                                      = (known after apply)

      + subnet_mapping (known after apply)
    }

  # module.web_application.aws_lb_listener.https[0] will be created
  + resource "aws_lb_listener" "https" {
      + arn                                                                   = (known after apply)
      + id                                                                    = (known after apply)
      + load_balancer_arn                                                     = (known after apply)
      + port                                                                  = 443
      + protocol                                                              = "HTTPS"
      + routing_http_request_x_amzn_mtls_clientcert_header_name               = (known after apply)
      + routing_http_request_x_amzn_mtls_clientcert_issuer_header_name        = (known after apply)
      + routing_http_request_x_amzn_mtls_clientcert_leaf_header_name          = (known after apply)
      + routing_http_request_x_amzn_mtls_clientcert_serial_number_header_name = (known after apply)
      + routing_http_request_x_amzn_mtls_clientcert_subject_header_name       = (known after apply)
      + routing_http_request_x_amzn_mtls_clientcert_validity_header_name      = (known after apply)
      + routing_http_request_x_amzn_tls_cipher_suite_header_name              = (known after apply)
      + routing_http_request_x_amzn_tls_version_header_name                   = (known after apply)
      + routing_http_response_access_control_allow_credentials_header_value   = (known after apply)
      + routing_http_response_access_control_allow_headers_header_value       = (known after apply)
      + routing_http_response_access_control_allow_methods_header_value       = (known after apply)
      + routing_http_response_access_control_allow_origin_header_value        = (known after apply)
      + routing_http_response_access_control_expose_headers_header_value      = (known after apply)
      + routing_http_response_access_control_max_age_header_value             = (known after apply)
      + routing_http_response_content_security_policy_header_value            = (known after apply)
      + routing_http_response_server_enabled                                  = (known after apply)
      + routing_http_response_strict_transport_security_header_value          = (known after apply)
      + routing_http_response_x_content_type_options_header_value             = (known after apply)
      + routing_http_response_x_frame_options_header_value                    = (known after apply)
      + ssl_policy                                                            = "ELBSecurityPolicy-TLS-1-2-2017-01"
      + tags                                                                  = {
          + "Account"     = "313476888312"
          + "Component"   = "web-application"
          + "CostCenter"  = "Development"
          + "Environment" = "development"
          + "ManagedBy"   = "Terraform"
          + "Module"      = "ecs"
          + "Owner"       = "DevOps Team"
          + "Project"     = "AWS-DevOps"
          + "Region"      = "us-east-2"
          + "Repository"  = "AWS-DevOps"
          + "Tier"        = "application"
        }
      + tags_all                                                              = {
          + "Account"     = "313476888312"
          + "Component"   = "web-application"
          + "CostCenter"  = "Development"
          + "Environment" = "development"
          + "ManagedBy"   = "Terraform"
          + "Module"      = "ecs"
          + "Owner"       = "DevOps Team"
          + "Project"     = "AWS-DevOps"
          + "Region"      = "us-east-2"
          + "Repository"  = "AWS-DevOps"
          + "Tier"        = "application"
        }
      + tcp_idle_timeout_seconds                                              = (known after apply)

      + default_action {
          + order            = (known after apply)
          + target_group_arn = (known after apply)
          + type             = "forward"
        }

      + mutual_authentication (known after apply)
    }

  # module.web_application.aws_lb_listener.main will be created
  + resource "aws_lb_listener" "main" {
      + arn                                                                   = (known after apply)
      + id                                                                    = (known after apply)
      + load_balancer_arn                                                     = (known after apply)
      + port                                                                  = 80
      + protocol                                                              = "HTTP"
      + routing_http_request_x_amzn_mtls_clientcert_header_name               = (known after apply)
      + routing_http_request_x_amzn_mtls_clientcert_issuer_header_name        = (known after apply)
      + routing_http_request_x_amzn_mtls_clientcert_leaf_header_name          = (known after apply)
      + routing_http_request_x_amzn_mtls_clientcert_serial_number_header_name = (known after apply)
      + routing_http_request_x_amzn_mtls_clientcert_subject_header_name       = (known after apply)
      + routing_http_request_x_amzn_mtls_clientcert_validity_header_name      = (known after apply)
      + routing_http_request_x_amzn_tls_cipher_suite_header_name              = (known after apply)
      + routing_http_request_x_amzn_tls_version_header_name                   = (known after apply)
      + routing_http_response_access_control_allow_credentials_header_value   = (known after apply)
      + routing_http_response_access_control_allow_headers_header_value       = (known after apply)
      + routing_http_response_access_control_allow_methods_header_value       = (known after apply)
      + routing_http_response_access_control_allow_origin_header_value        = (known after apply)
      + routing_http_response_access_control_expose_headers_header_value      = (known after apply)
      + routing_http_response_access_control_max_age_header_value             = (known after apply)
      + routing_http_response_content_security_policy_header_value            = (known after apply)
      + routing_http_response_server_enabled                                  = (known after apply)
      + routing_http_response_strict_transport_security_header_value          = (known after apply)
      + routing_http_response_x_content_type_options_header_value             = (known after apply)
      + routing_http_response_x_frame_options_header_value                    = (known after apply)
      + ssl_policy                                                            = (known after apply)
      + tags                                                                  = {
          + "Account"     = "313476888312"
          + "Component"   = "web-application"
          + "CostCenter"  = "Development"
          + "Environment" = "development"
          + "ManagedBy"   = "Terraform"
          + "Module"      = "ecs"
          + "Owner"       = "DevOps Team"
          + "Project"     = "AWS-DevOps"
          + "Region"      = "us-east-2"
          + "Repository"  = "AWS-DevOps"
          + "Tier"        = "application"
        }
      + tags_all                                                              = {
          + "Account"     = "313476888312"
          + "Component"   = "web-application"
          + "CostCenter"  = "Development"
          + "Environment" = "development"
          + "ManagedBy"   = "Terraform"
          + "Module"      = "ecs"
          + "Owner"       = "DevOps Team"
          + "Project"     = "AWS-DevOps"
          + "Region"      = "us-east-2"
          + "Repository"  = "AWS-DevOps"
          + "Tier"        = "application"
        }
      + tcp_idle_timeout_seconds                                              = (known after apply)

      + default_action {
          + order = (known after apply)
          + type  = "redirect"

          + redirect {
              + host        = "#{host}"
              + path        = "/#{path}"
              + port        = "443"
              + protocol    = "HTTPS"
              + query       = "#{query}"
              + status_code = "HTTP_301"
            }
        }

      + mutual_authentication (known after apply)
    }

  # module.web_application.aws_lb_target_group.main will be created
  + resource "aws_lb_target_group" "main" {
      + arn                                = (known after apply)
      + arn_suffix                         = (known after apply)
      + connection_termination             = (known after apply)
      + deregistration_delay               = "300"
      + id                                 = (known after apply)
      + ip_address_type                    = (known after apply)
      + lambda_multi_value_headers_enabled = false
      + load_balancer_arns                 = (known after apply)
      + load_balancing_algorithm_type      = (known after apply)
      + load_balancing_anomaly_mitigation  = (known after apply)
      + load_balancing_cross_zone_enabled  = (known after apply)
      + name                               = "aws-devops-dev-tg"
      + name_prefix                        = (known after apply)
      + port                               = 80
      + preserve_client_ip                 = (known after apply)
      + protocol                           = "HTTP"
      + protocol_version                   = (known after apply)
      + proxy_protocol_v2                  = false
      + slow_start                         = 0
      + tags                               = {
          + "Account"     = "313476888312"
          + "Component"   = "web-application"
          + "CostCenter"  = "Development"
          + "Environment" = "development"
          + "ManagedBy"   = "Terraform"
          + "Module"      = "ecs"
          + "Name"        = "aws-devops-dev-target-group"
          + "Owner"       = "DevOps Team"
          + "Project"     = "AWS-DevOps"
          + "Region"      = "us-east-2"
          + "Repository"  = "AWS-DevOps"
          + "Tier"        = "application"
          + "Type"        = "target_group"
        }
      + tags_all                           = {
          + "Account"     = "313476888312"
          + "Component"   = "web-application"
          + "CostCenter"  = "Development"
          + "Environment" = "development"
          + "ManagedBy"   = "Terraform"
          + "Module"      = "ecs"
          + "Name"        = "aws-devops-dev-target-group"
          + "Owner"       = "DevOps Team"
          + "Project"     = "AWS-DevOps"
          + "Region"      = "us-east-2"
          + "Repository"  = "AWS-DevOps"
          + "Tier"        = "application"
          + "Type"        = "target_group"
        }
      + target_type                        = "ip"
      + vpc_id                             = (known after apply)

      + health_check {
          + enabled             = true
          + healthy_threshold   = 2
          + interval            = 30
          + matcher             = "200"
          + path                = "/"
          + port                = "traffic-port"
          + protocol            = "HTTP"
          + timeout             = 5
          + unhealthy_threshold = 2
        }

      + stickiness (known after apply)

      + target_failover (known after apply)

      + target_group_health (known after apply)

      + target_health_state (known after apply)
    }

  # module.web_application.aws_security_group.alb will be created
  + resource "aws_security_group" "alb" {
      + arn                    = (known after apply)
      + description            = "Security group for Application Load Balancer"
      + egress                 = [
          + {
              + cidr_blocks      = [
                  + "0.0.0.0/0",
                ]
              + description      = "All outbound traffic"
              + from_port        = 0
              + ipv6_cidr_blocks = []
              + prefix_list_ids  = []
              + protocol         = "-1"
              + security_groups  = []
              + self             = false
              + to_port          = 0
            },
        ]
      + id                     = (known after apply)
      + ingress                = [
          + {
              + cidr_blocks      = [
                  + "0.0.0.0/0",
                ]
              + description      = "HTTP"
              + from_port        = 80
              + ipv6_cidr_blocks = []
              + prefix_list_ids  = []
              + protocol         = "tcp"
              + security_groups  = []
              + self             = false
              + to_port          = 80
            },
          + {
              + cidr_blocks      = [
                  + "0.0.0.0/0",
                ]
              + description      = "HTTPS"
              + from_port        = 443
              + ipv6_cidr_blocks = []
              + prefix_list_ids  = []
              + protocol         = "tcp"
              + security_groups  = []
              + self             = false
              + to_port          = 443
            },
        ]
      + name                   = (known after apply)
      + name_prefix            = "aws-devops-dev-alb-"
      + owner_id               = (known after apply)
      + revoke_rules_on_delete = false
      + tags                   = {
          + "Account"     = "313476888312"
          + "Component"   = "web-application"
          + "CostCenter"  = "Development"
          + "Environment" = "development"
          + "ManagedBy"   = "Terraform"
          + "Module"      = "ecs"
          + "Name"        = "aws-devops-dev-alb-sg"
          + "Owner"       = "DevOps Team"
          + "Project"     = "AWS-DevOps"
          + "Region"      = "us-east-2"
          + "Repository"  = "AWS-DevOps"
          + "Tier"        = "application"
          + "Type"        = "security_group"
        }
      + tags_all               = {
          + "Account"     = "313476888312"
          + "Component"   = "web-application"
          + "CostCenter"  = "Development"
          + "Environment" = "development"
          + "ManagedBy"   = "Terraform"
          + "Module"      = "ecs"
          + "Name"        = "aws-devops-dev-alb-sg"
          + "Owner"       = "DevOps Team"
          + "Project"     = "AWS-DevOps"
          + "Region"      = "us-east-2"
          + "Repository"  = "AWS-DevOps"
          + "Tier"        = "application"
          + "Type"        = "security_group"
        }
      + vpc_id                 = (known after apply)
    }

  # module.web_application.aws_security_group.ecs_tasks will be created
  + resource "aws_security_group" "ecs_tasks" {
      + arn                    = (known after apply)
      + description            = "Security group for ECS tasks"
      + egress                 = [
          + {
              + cidr_blocks      = [
                  + "0.0.0.0/0",
                ]
              + description      = "All outbound traffic"
              + from_port        = 0
              + ipv6_cidr_blocks = []
              + prefix_list_ids  = []
              + protocol         = "-1"
              + security_groups  = []
              + self             = false
              + to_port          = 0
            },
        ]
      + id                     = (known after apply)
      + ingress                = [
          + {
              + cidr_blocks      = []
              + description      = "From ALB"
              + from_port        = 80
              + ipv6_cidr_blocks = []
              + prefix_list_ids  = []
              + protocol         = "tcp"
              + security_groups  = (known after apply)
              + self             = false
              + to_port          = 80
            },
        ]
      + name                   = (known after apply)
      + name_prefix            = "aws-devops-dev-ecs-tasks-"
      + owner_id               = (known after apply)
      + revoke_rules_on_delete = false
      + tags                   = {
          + "Account"     = "313476888312"
          + "Component"   = "web-application"
          + "CostCenter"  = "Development"
          + "Environment" = "development"
          + "ManagedBy"   = "Terraform"
          + "Module"      = "ecs"
          + "Name"        = "aws-devops-dev-ecs-tasks-sg"
          + "Owner"       = "DevOps Team"
          + "Project"     = "AWS-DevOps"
          + "Region"      = "us-east-2"
          + "Repository"  = "AWS-DevOps"
          + "Tier"        = "application"
          + "Type"        = "security_group"
        }
      + tags_all               = {
          + "Account"     = "313476888312"
          + "Component"   = "web-application"
          + "CostCenter"  = "Development"
          + "Environment" = "development"
          + "ManagedBy"   = "Terraform"
          + "Module"      = "ecs"
          + "Name"        = "aws-devops-dev-ecs-tasks-sg"
          + "Owner"       = "DevOps Team"
          + "Project"     = "AWS-DevOps"
          + "Region"      = "us-east-2"
          + "Repository"  = "AWS-DevOps"
          + "Tier"        = "application"
          + "Type"        = "security_group"
        }
      + vpc_id                 = (known after apply)
    }

  # module.web_cdn[0].aws_cloudfront_distribution.main will be created
  + resource "aws_cloudfront_distribution" "main" {
      + aliases                         = [
          + "admin.dev.diatonic.ai",
          + "app.dev.diatonic.ai",
          + "dev.diatonic.ai",
          + "www.dev.diatonic.ai",
        ]
      + arn                             = (known after apply)
      + caller_reference                = (known after apply)
      + comment                         = "aws-devops-dev CDN distribution"
      + continuous_deployment_policy_id = (known after apply)
      + default_root_object             = "index.html"
      + domain_name                     = (known after apply)
      + enabled                         = true
      + etag                            = (known after apply)
      + hosted_zone_id                  = (known after apply)
      + http_version                    = "http2"
      + id                              = (known after apply)
      + in_progress_validation_batches  = (known after apply)
      + is_ipv6_enabled                 = true
      + last_modified_time              = (known after apply)
      + price_class                     = "PriceClass_100"
      + retain_on_delete                = false
      + staging                         = false
      + status                          = (known after apply)
      + tags                            = {
          + "Account"     = "313476888312"
          + "Component"   = "web-cdn"
          + "CostCenter"  = "Development"
          + "Environment" = "development"
          + "ManagedBy"   = "Terraform"
          + "Module"      = "cloudfront"
          + "Name"        = "aws-devops-dev-cloudfront-distribution"
          + "Owner"       = "DevOps Team"
          + "Project"     = "AWS-DevOps"
          + "Region"      = "us-east-2"
          + "Repository"  = "AWS-DevOps"
          + "Tier"        = "distribution"
          + "Type"        = "cloudfront_distribution"
        }
      + tags_all                        = {
          + "Account"     = "313476888312"
          + "Component"   = "web-cdn"
          + "CostCenter"  = "Development"
          + "Environment" = "development"
          + "ManagedBy"   = "Terraform"
          + "Module"      = "cloudfront"
          + "Name"        = "aws-devops-dev-cloudfront-distribution"
          + "Owner"       = "DevOps Team"
          + "Project"     = "AWS-DevOps"
          + "Region"      = "us-east-2"
          + "Repository"  = "AWS-DevOps"
          + "Tier"        = "distribution"
          + "Type"        = "cloudfront_distribution"
        }
      + trusted_key_groups              = (known after apply)
      + trusted_signers                 = (known after apply)
      + wait_for_deployment             = true

      + custom_error_response {
          + error_caching_min_ttl = 300
          + error_code            = 403
          + response_code         = 200
          + response_page_path    = "/index.html"
        }
      + custom_error_response {
          + error_caching_min_ttl = 300
          + error_code            = 404
          + response_code         = 200
          + response_page_path    = "/index.html"
        }

      + default_cache_behavior {
          + allowed_methods        = [
              + "DELETE",
              + "GET",
              + "HEAD",
              + "OPTIONS",
              + "PATCH",
              + "POST",
              + "PUT",
            ]
          + cached_methods         = [
              + "GET",
              + "HEAD",
            ]
          + compress               = true
          + default_ttl            = (known after apply)
          + max_ttl                = 31536000
          + min_ttl                = 0
          + target_origin_id       = (known after apply)
          + trusted_key_groups     = (known after apply)
          + trusted_signers        = (known after apply)
          + viewer_protocol_policy = "redirect-to-https"

          + forwarded_values {
              + headers                 = (known after apply)
              + query_string            = (known after apply)
              + query_string_cache_keys = (known after apply)

              + cookies {
                  + forward           = (known after apply)
                  + whitelisted_names = (known after apply)
                }
            }

          + grpc_config (known after apply)
        }

      + ordered_cache_behavior {
          + allowed_methods        = [
              + "DELETE",
              + "GET",
              + "HEAD",
              + "OPTIONS",
              + "PATCH",
              + "POST",
              + "PUT",
            ]
          + cached_methods         = [
              + "GET",
              + "HEAD",
            ]
          + compress               = true
          + default_ttl            = 0
          + max_ttl                = 0
          + min_ttl                = 0
          + path_pattern           = "/api/*"
          + target_origin_id       = "ALB-aws-devops-dev"
          + viewer_protocol_policy = "redirect-to-https"

          + forwarded_values {
              + headers                 = [
                  + "Authorization",
                  + "CloudFront-Forwarded-Proto",
                  + "Host",
                ]
              + query_string            = true
              + query_string_cache_keys = (known after apply)

              + cookies {
                  + forward = "all"
                }
            }

          + grpc_config (known after apply)
        }
      + ordered_cache_behavior {
          + allowed_methods        = [
              + "GET",
              + "HEAD",
            ]
          + cached_methods         = [
              + "GET",
              + "HEAD",
            ]
          + compress               = true
          + default_ttl            = 86400
          + max_ttl                = 31536000
          + min_ttl                = 0
          + path_pattern           = "/static/*"
          + target_origin_id       = "S3-aws-devops-dev"
          + viewer_protocol_policy = "redirect-to-https"

          + forwarded_values {
              + headers                 = (known after apply)
              + query_string            = false
              + query_string_cache_keys = (known after apply)

              + cookies {
                  + forward = "none"
                }
            }

          + grpc_config (known after apply)
        }

      + origin (known after apply)

      + restrictions {
          + geo_restriction {
              + locations        = (known after apply)
              + restriction_type = "none"
            }
        }

      + viewer_certificate {
          + acm_certificate_arn            = (known after apply)
          + cloudfront_default_certificate = (known after apply)
          + minimum_protocol_version       = (known after apply)
          + ssl_support_method             = (known after apply)
        }
    }

  # module.web_cdn[0].aws_cloudwatch_metric_alarm.high_4xx_rate will be created
  + resource "aws_cloudwatch_metric_alarm" "high_4xx_rate" {
      + actions_enabled                       = true
      + alarm_description                     = "This metric monitors CloudFront 4xx error rate"
      + alarm_name                            = "aws-devops-dev-cloudfront-high-4xx-rate"
      + arn                                   = (known after apply)
      + comparison_operator                   = "GreaterThanThreshold"
      + dimensions                            = (known after apply)
      + evaluate_low_sample_count_percentiles = (known after apply)
      + evaluation_periods                    = 2
      + id                                    = (known after apply)
      + metric_name                           = "4xxErrorRate"
      + namespace                             = "AWS/CloudFront"
      + period                                = 300
      + statistic                             = "Average"
      + tags                                  = {
          + "Account"     = "313476888312"
          + "Component"   = "web-cdn"
          + "CostCenter"  = "Development"
          + "Environment" = "development"
          + "ManagedBy"   = "Terraform"
          + "Module"      = "cloudfront"
          + "Name"        = "aws-devops-dev-cloudfront-4xx-alarm"
          + "Owner"       = "DevOps Team"
          + "Project"     = "AWS-DevOps"
          + "Region"      = "us-east-2"
          + "Repository"  = "AWS-DevOps"
          + "Tier"        = "distribution"
          + "Type"        = "cloudwatch_alarm"
        }
      + tags_all                              = {
          + "Account"     = "313476888312"
          + "Component"   = "web-cdn"
          + "CostCenter"  = "Development"
          + "Environment" = "development"
          + "ManagedBy"   = "Terraform"
          + "Module"      = "cloudfront"
          + "Name"        = "aws-devops-dev-cloudfront-4xx-alarm"
          + "Owner"       = "DevOps Team"
          + "Project"     = "AWS-DevOps"
          + "Region"      = "us-east-2"
          + "Repository"  = "AWS-DevOps"
          + "Tier"        = "distribution"
          + "Type"        = "cloudwatch_alarm"
        }
      + threshold                             = 5
      + treat_missing_data                    = "missing"
    }

  # module.web_cdn[0].aws_cloudwatch_metric_alarm.high_5xx_rate will be created
  + resource "aws_cloudwatch_metric_alarm" "high_5xx_rate" {
      + actions_enabled                       = true
      + alarm_description                     = "This metric monitors CloudFront 5xx error rate"
      + alarm_name                            = "aws-devops-dev-cloudfront-high-5xx-rate"
      + arn                                   = (known after apply)
      + comparison_operator                   = "GreaterThanThreshold"
      + dimensions                            = (known after apply)
      + evaluate_low_sample_count_percentiles = (known after apply)
      + evaluation_periods                    = 2
      + id                                    = (known after apply)
      + metric_name                           = "5xxErrorRate"
      + namespace                             = "AWS/CloudFront"
      + period                                = 300
      + statistic                             = "Average"
      + tags                                  = {
          + "Account"     = "313476888312"
          + "Component"   = "web-cdn"
          + "CostCenter"  = "Development"
          + "Environment" = "development"
          + "ManagedBy"   = "Terraform"
          + "Module"      = "cloudfront"
          + "Name"        = "aws-devops-dev-cloudfront-5xx-alarm"
          + "Owner"       = "DevOps Team"
          + "Project"     = "AWS-DevOps"
          + "Region"      = "us-east-2"
          + "Repository"  = "AWS-DevOps"
          + "Tier"        = "distribution"
          + "Type"        = "cloudwatch_alarm"
        }
      + tags_all                              = {
          + "Account"     = "313476888312"
          + "Component"   = "web-cdn"
          + "CostCenter"  = "Development"
          + "Environment" = "development"
          + "ManagedBy"   = "Terraform"
          + "Module"      = "cloudfront"
          + "Name"        = "aws-devops-dev-cloudfront-5xx-alarm"
          + "Owner"       = "DevOps Team"
          + "Project"     = "AWS-DevOps"
          + "Region"      = "us-east-2"
          + "Repository"  = "AWS-DevOps"
          + "Tier"        = "distribution"
          + "Type"        = "cloudwatch_alarm"
        }
      + threshold                             = 1
      + treat_missing_data                    = "missing"
    }

Plan: 98 to add, 0 to change, 0 to destroy.

Changes to Outputs:
  + data_subnet_ids                       = [
      + (known after apply),
      + (known after apply),
      + (known after apply),
    ]
  + database_subnet_group_name            = "aws-devops-dev-db-subnet-group"
  + elasticache_subnet_group_name         = "aws-devops-dev-cache-subnet-group"
  + internet_gateway_id                   = (known after apply)
  + nat_gateway_ids                       = [
      + (known after apply),
    ]
  + private_subnet_ids                    = [
      + (known after apply),
      + (known after apply),
      + (known after apply),
    ]
  + public_subnet_ids                     = [
      + (known after apply),
      + (known after apply),
      + (known after apply),
    ]
  + s3_application_bucket                 = {
      + arn  = (known after apply)
      + name = (known after apply)
    }
  + s3_backup_bucket                      = {
      + arn  = (known after apply)
      + name = (known after apply)
    }
  + s3_bucket_arns                        = {
      + application   = (known after apply)
      + backup        = (known after apply)
      + compliance    = (known after apply)
      + logs          = (known after apply)
      + static-assets = (known after apply)
    }
  + s3_bucket_names                       = {
      + application   = (known after apply)
      + backup        = (known after apply)
      + compliance    = (known after apply)
      + logs          = (known after apply)
      + static-assets = (known after apply)
    }
  + s3_compliance_bucket                  = {
      + arn  = (known after apply)
      + name = (known after apply)
    }
  + s3_configuration_summary              = {
      + access_logging_enabled   = true
      + created_buckets          = [
          + "application",
          + "backup",
          + "compliance",
          + "logs",
          + "static-assets",
        ]
      + cross_region_replication = false
      + encryption_enabled       = true
      + environment              = "development"
      + event_notifications      = false
      + intelligent_tiering      = true
      + inventory_enabled        = false
      + metrics_enabled          = true
      + mfa_delete_enabled       = false
      + replication_region       = "us-west-2"
      + static_website_enabled   = false
      + versioning_enabled       = true
    }
  + s3_kms_key                            = {
      + alias = "alias/aws-devops-dev-s3-development"
      + arn   = (known after apply)
      + id    = (known after apply)
    }
  + s3_logs_bucket                        = {
      + arn  = (known after apply)
      + name = (known after apply)
    }
  + s3_static_assets_bucket               = {
      + arn              = (known after apply)
      + name             = (known after apply)
      + website_endpoint = null
    }
  + vpc_cidr_block                        = "10.1.0.0/16"
  + vpc_id                                = (known after apply)
  + web_application_cluster_name          = "aws-devops-dev-cluster"
  + web_application_configuration_summary = {
      + access_methods         = {
          + cdn        = "Not enabled"
          + direct_alb = "https://dev.diatonic.ai"
          + static_s3  = "S3 static hosting not enabled"
        }
      + auto_scaling_enabled   = true
      + cdn_enabled            = false
      + container_cpu          = 256
      + container_image        = "nginx:alpine"
      + container_memory       = 512
      + database_enabled       = false
      + environment            = "dev"
      + estimated_monthly_cost = {
          + auto_scaling       = "Enabled (1-2 tasks)"
          + capacity_provider  = "FARGATE_SPOT"
          + cloudwatch_logs    = "~$1-3/month"
          + fargate_cpu_memory = "~$15-35/month per task"
          + load_balancer      = "~$16-20/month"
          + task_configuration = "256 CPU / 512 MB memory"
          + total_estimate     = "~$32-58/month for 1 task(s)"
        }
      + https_enabled          = true
    }
  + web_application_load_balancer_dns     = (known after apply)
  + web_application_url                   = "https://dev.diatonic.ai"
